
Microsoft Visual Studio Solution File, Format Version 12.00
# Visual Studio 15
VisualStudioVersion = 15.0.27130.2010
MinimumVisualStudioVersion = 10.0.40219.1
Project("{2150E333-8FDC-42A3-9474-1A3956D46DE8}") = "Client", "Client", "{CB9797F3-40AF-4A03-9B5F-E0D5B9629C78}"
EndProject
Project("{2150E333-8FDC-42A3-9474-1A3956D46DE8}") = "Middle", "Middle", "{3483286E-FC33-4E83-8B67-A36C500AF97F}"
EndProject
Project("{2150E333-8FDC-42A3-9474-1A3956D46DE8}") = "Service", "Service", "{D409F555-8F99-4C66-B806-3340F3405C27}"
EndProject
Project("{2150E333-8FDC-42A3-9474-1A3956D46DE8}") = "CLI", "CLI", "{4F8ED863-F830-47D7-98FF-4324B312E99B}"
EndProject
Project("{9A19103F-16F7-4668-BE54-9A1E7A4F7556}") = "AV.Client.CLI.Runner", "Client\CLI\AV.Client.CLI.Runner\AV.Client.CLI.Runner.csproj", "{36FBCDA0-A658-40E8-94D0-13C42A09C46A}"
EndProject
Project("{2150E333-8FDC-42A3-9474-1A3956D46DE8}") = "Common", "Common", "{EFFD573F-F62E-426C-95AF-1F817BC145D0}"
EndProject
Project("{9A19103F-16F7-4668-BE54-9A1E7A4F7556}") = "AV.Middle.Common.Comparer", "Middle\Common\AV.Middle.Common.Comparer\AV.Middle.Common.Comparer.csproj", "{6690EBE7-C42B-48C6-A9CB-D867C9CE5F2A}"
EndProject
Project("{9A19103F-16F7-4668-BE54-9A1E7A4F7556}") = "AV.Middle.Common.Configure", "Middle\Common\AV.Middle.Common.Configure\AV.Middle.Common.Configure.csproj", "{F49093A3-04F1-4478-9A49-6A47AAF6B44B}"
EndProject
Project("{9A19103F-16F7-4668-BE54-9A1E7A4F7556}") = "AV.Middle.Common.DAL", "Middle\Common\AV.Middle.Common.DAL\AV.Middle.Common.DAL.csproj", "{D3BEFBAE-9946-4355-AD8F-7B03D3BC3C5A}"
EndProject
Project("{9A19103F-16F7-4668-BE54-9A1E7A4F7556}") = "AV.Middle.Common.Logger", "Middle\Common\AV.Middle.Common.Logger\AV.Middle.Common.Logger.csproj", "{4BA82556-FD31-4CA7-9FFE-C647DBD39167}"
EndProject
Project("{9A19103F-16F7-4668-BE54-9A1E7A4F7556}") = "AV.Middle.Common.Model", "Middle\Common\AV.Middle.Common.Model\AV.Middle.Common.Model.csproj", "{1C2DDB90-E443-4049-ADFF-15F8E8E0931A}"
EndProject
Project("{9A19103F-16F7-4668-BE54-9A1E7A4F7556}") = "AV.Middle.Common.Section", "Middle\Common\AV.Middle.Common.Section\AV.Middle.Common.Section.csproj", "{5A3B56BE-DDBB-45C0-BC91-60DDB2FA1A44}"
EndProject
Project("{9A19103F-16F7-4668-BE54-9A1E7A4F7556}") = "AV.Middle.Common.Utility", "Middle\Common\AV.Middle.Common.Utility\AV.Middle.Common.Utility.csproj", "{A64D1CD9-71EA-4FBC-8861-E8A96DD7D7D9}"
EndProject
Project("{2150E333-8FDC-42A3-9474-1A3956D46DE8}") = "Extension", "Extension", "{ED4275B8-C500-41F0-B8A6-F77EF53AA2CC}"
EndProject
Project("{2150E333-8FDC-42A3-9474-1A3956D46DE8}") = "Reflector", "Reflector", "{25C73EF3-E916-499E-92D7-F6FE08519C42}"
EndProject
Project("{9A19103F-16F7-4668-BE54-9A1E7A4F7556}") = "AV.Middle.Extension.Generic", "Middle\Extension\AV.Middle.Extension.Generic\AV.Middle.Extension.Generic.csproj", "{3D33B0C7-6FCA-43C0-8E4B-11BC11BB46DE}"
EndProject
Project("{9A19103F-16F7-4668-BE54-9A1E7A4F7556}") = "AV.Middle.Reflector.IService", "Middle\Reflector\AV.Middle.Reflector.IService\AV.Middle.Reflector.IService.csproj", "{F7637041-60D1-4C0E-ADE7-91C556E9CA2B}"
EndProject
Project("{2150E333-8FDC-42A3-9474-1A3956D46DE8}") = "WebAPI", "WebAPI", "{A0DC48C6-E449-424F-B95E-6D3135F35106}"
EndProject
Project("{2150E333-8FDC-42A3-9474-1A3956D46DE8}") = "Web", "Web", "{757E0DCC-59BF-456E-A849-90C201AE1FF4}"
EndProject
Project("{9A19103F-16F7-4668-BE54-9A1E7A4F7556}") = "AV.Service.WebAPI.Runner", "Service\WebAPI\AV.Service.WebAPI.Runner\AV.Service.WebAPI.Runner.csproj", "{EAB3802C-DD77-416D-B3D5-B5049B33D300}"
EndProject
Project("{9A19103F-16F7-4668-BE54-9A1E7A4F7556}") = "AV.Middle.Common.Terminal", "Middle\Common\AV.Middle.Common.Command\AV.Middle.Common.Terminal.csproj", "{374B4A0B-82F6-4CC6-8CE9-A5F3E98B44E7}"
EndProject
Project("{9A19103F-16F7-4668-BE54-9A1E7A4F7556}") = "AV.Middle.Common.VersionControl", "Middle\Common\AV.Middle.Common.VersionControl\AV.Middle.Common.VersionControl.csproj", "{B80C620A-7E5B-4AD2-9A24-6E1BCC562B91}"
EndProject
Project("{9A19103F-16F7-4668-BE54-9A1E7A4F7556}") = "AV.Middle.Common.Machine", "Middle\Common\AV.Middle.Common.Machine\AV.Middle.Common.Machine.csproj", "{71A69082-8512-4DF2-8A33-2EFBBB4BE481}"
EndProject
Project("{9A19103F-16F7-4668-BE54-9A1E7A4F7556}") = "AV.Middle.Common.Reflection", "Middle\Common\AV.Middle.Common.Reflection\AV.Middle.Common.Reflection.csproj", "{1BD36888-CB75-4DF3-8B8D-6CA6D5BBD04D}"
EndProject
Project("{9A19103F-16F7-4668-BE54-9A1E7A4F7556}") = "AV.Middle.Reflector.VersionController", "Middle\Reflector\AV.Middle.Reflector.VersionController\AV.Middle.Reflector.VersionController.csproj", "{F1BEDB4C-E2F2-4F6C-ABA4-D98F150BB823}"
EndProject
Project("{9A19103F-16F7-4668-BE54-9A1E7A4F7556}") = "AV.Middle.Reflector.DatabaseController", "Middle\Reflector\AV.Middle.Reflector.DatabaseController\AV.Middle.Reflector.DatabaseController.csproj", "{7F3A50B7-CFA1-4806-9846-472C90727AD7}"
EndProject
Project("{9A19103F-16F7-4668-BE54-9A1E7A4F7556}") = "AV.Middle.Reflector.FileController", "Middle\Reflector\AV.Middle.Reflector.FileController\AV.Middle.Reflector.FileController.csproj", "{9D36F33F-7539-4CED-A1A4-399090A22A55}"
EndProject
Project("{9A19103F-16F7-4668-BE54-9A1E7A4F7556}") = "AV.Middle.Reflector.MachineController", "Middle\Reflector\AV.Middle.Reflector.MachineController\AV.Middle.Reflector.MachineController.csproj", "{B8F555A4-C3DD-4037-BF00-3007F9174009}"
EndProject
Project("{9A19103F-16F7-4668-BE54-9A1E7A4F7556}") = "AV.Middle.Reflector.RegistryController", "Middle\Reflector\AV.Middle.Reflector.RegistryController\AV.Middle.Reflector.RegistryController.csproj", "{0425CB92-0D03-4BB5-9C13-4DEEC812DBB3}"
EndProject
Project("{9A19103F-16F7-4668-BE54-9A1E7A4F7556}") = "AV.Middle.Reflector.TotalCommander", "Middle\Reflector\AV.Middle.Reflector.TotalCommander\AV.Middle.Reflector.TotalCommander.csproj", "{A918F4B3-C1E1-480B-A437-E22BFE4F5AE2}"
EndProject
Project("{9A19103F-16F7-4668-BE54-9A1E7A4F7556}") = "AV.Middle.Extension.GenericLog", "Middle\Extension\AV.Middle.Extension.GenericLog\AV.Middle.Extension.GenericLog.csproj", "{6537AC01-5161-447F-8259-D1663EF6AA44}"
EndProject
Project("{2150E333-8FDC-42A3-9474-1A3956D46DE8}") = "Pattern", "Pattern", "{BB49D286-50ED-451B-903F-6DCB5BECC0E9}"
EndProject
Project("{2150E333-8FDC-42A3-9474-1A3956D46DE8}") = "Aspect", "Aspect", "{E62DC7D2-CF73-46A7-B788-E1BD22A08017}"
EndProject
Project("{9A19103F-16F7-4668-BE54-9A1E7A4F7556}") = "AV.Middle.Aspect.OrientedProcess", "Middle\Aspect\AV.Middle.Aspect.OrientedProcess\AV.Middle.Aspect.OrientedProcess.csproj", "{BE628F65-743B-48DE-A4E6-591DAD60D8C1}"
EndProject
Project("{2150E333-8FDC-42A3-9474-1A3956D46DE8}") = "Structural", "Structural", "{65A331D3-7E0D-4D44-8FB2-497F757630CE}"
EndProject
Project("{2150E333-8FDC-42A3-9474-1A3956D46DE8}") = "Creational", "Creational", "{5BC79C61-3C53-4939-8931-CC2E9D941CB8}"
EndProject
Project("{2150E333-8FDC-42A3-9474-1A3956D46DE8}") = "Behavioral", "Behavioral", "{296F3330-940D-40C8-83ED-1B66F09293AF}"
EndProject
Project("{9A19103F-16F7-4668-BE54-9A1E7A4F7556}") = "AV.Middle.Pattern.Behavioral.ChatRoom", "Middle\Pattern\Behavioral\AV.Middle.Pattern.Behavioral.ChatRoom\AV.Middle.Pattern.Behavioral.ChatRoom.csproj", "{C4CC46A0-4585-4430-BB76-98378F5C3212}"
EndProject
Project("{9A19103F-16F7-4668-BE54-9A1E7A4F7556}") = "AV.Middle.Pattern.Behavioral.DuckGame", "Middle\Pattern\Behavioral\AV.Middle.Pattern.Behavioral.DuckGame\AV.Middle.Pattern.Behavioral.DuckGame.csproj", "{786189D6-9F7C-4CB3-BA7C-4DBA8E995049}"
EndProject
Project("{9A19103F-16F7-4668-BE54-9A1E7A4F7556}") = "AV.Middle.Pattern.Behavioral.ExpressionInterpreter", "Middle\Pattern\Behavioral\AV.Middle.Pattern.Behavioral.ExpressionInterpreter\AV.Middle.Pattern.Behavioral.ExpressionInterpreter.csproj", "{31F23CA4-EBD1-47FE-B2EF-F7CFA71BEEAC}"
EndProject
Project("{9A19103F-16F7-4668-BE54-9A1E7A4F7556}") = "AV.Middle.Pattern.Behavioral.Game", "Middle\Pattern\Behavioral\AV.Middle.Pattern.Behavioral.Game\AV.Middle.Pattern.Behavioral.Game.csproj", "{99435BF4-BF98-4C01-8899-B870C00D7845}"
EndProject
Project("{9A19103F-16F7-4668-BE54-9A1E7A4F7556}") = "AV.Middle.Pattern.Behavioral.IteratorPattern", "Middle\Pattern\Behavioral\AV.Middle.Pattern.Behavioral.IteratorPattern\AV.Middle.Pattern.Behavioral.IteratorPattern.csproj", "{00572EC3-F01A-4F71-94E8-3892618A36C6}"
EndProject
Project("{9A19103F-16F7-4668-BE54-9A1E7A4F7556}") = "AV.Middle.Pattern.Behavioral.MementoPattern", "Middle\Pattern\Behavioral\AV.Middle.Pattern.Behavioral.MementoPattern\AV.Middle.Pattern.Behavioral.MementoPattern.csproj", "{DF6E6438-A8D5-4E7F-AC84-B09C58B4222E}"
EndProject
Project("{9A19103F-16F7-4668-BE54-9A1E7A4F7556}") = "AV.Middle.Pattern.Behavioral.MultiLogger", "Middle\Pattern\Behavioral\AV.Middle.Pattern.Behavioral.MultiLogger\AV.Middle.Pattern.Behavioral.MultiLogger.csproj", "{28EA6DD7-C748-43F7-BCDC-1D413D3208BF}"
EndProject
Project("{9A19103F-16F7-4668-BE54-9A1E7A4F7556}") = "AV.Middle.Pattern.Behavioral.StockBroker", "Middle\Pattern\Behavioral\AV.Middle.Pattern.Behavioral.StockBroker\AV.Middle.Pattern.Behavioral.StockBroker.csproj", "{AE32D1FE-058A-4A30-9E62-55CE6A15787F}"
EndProject
Project("{9A19103F-16F7-4668-BE54-9A1E7A4F7556}") = "AV.Middle.Pattern.Behavioral.StockObserver", "Middle\Pattern\Behavioral\AV.Middle.Pattern.Behavioral.StockObserver\AV.Middle.Pattern.Behavioral.StockObserver.csproj", "{DF59A2BC-4C9E-4A5F-BB93-4C710FD66E6B}"
EndProject
Project("{9A19103F-16F7-4668-BE54-9A1E7A4F7556}") = "AV.Middle.Pattern.Creational.Geometry", "Middle\Pattern\Creational\AV.Middle.Pattern.Creational.Geometry\AV.Middle.Pattern.Creational.Geometry.csproj", "{9D949A4C-F704-44DE-BDB0-3C6B74BC4013}"
EndProject
Project("{9A19103F-16F7-4668-BE54-9A1E7A4F7556}") = "AV.Middle.Pattern.Creational.Restaurant", "Middle\Pattern\Creational\AV.Middle.Pattern.Creational.Restaurant\AV.Middle.Pattern.Creational.Restaurant.csproj", "{B22BE9FA-5131-4EE0-A995-3ED8870C6341}"
EndProject
Project("{9A19103F-16F7-4668-BE54-9A1E7A4F7556}") = "AV.Middle.Pattern.Creational.Shape", "Middle\Pattern\Creational\AV.Middle.Pattern.Creational.Shape\AV.Middle.Pattern.Creational.Shape.csproj", "{036739CD-207C-4287-B72F-BA94CDCFA83E}"
EndProject
Project("{9A19103F-16F7-4668-BE54-9A1E7A4F7556}") = "AV.Middle.Pattern.Creational.ShapePrototype", "Middle\Pattern\Creational\AV.Middle.Pattern.Creational.ShapePrototype\AV.Middle.Pattern.Creational.ShapePrototype.csproj", "{606A24F4-276F-4C0C-A54B-087BC240FCE6}"
EndProject
Project("{9A19103F-16F7-4668-BE54-9A1E7A4F7556}") = "AV.Middle.Pattern.Structural.Company", "Middle\Pattern\Structural\AV.Middle.Pattern.Structural.Company\AV.Middle.Pattern.Structural.Company.csproj", "{DF3AB1EB-1DFB-4B81-8C64-56363F5A9AAD}"
EndProject
Project("{9A19103F-16F7-4668-BE54-9A1E7A4F7556}") = "AV.Middle.Pattern.Structural.DecorateShape", "Middle\Pattern\Structural\AV.Middle.Pattern.Structural.DecorateShape\AV.Middle.Pattern.Structural.DecorateShape.csproj", "{FDA609E3-2438-4356-9207-914781B57F74}"
EndProject
Project("{9A19103F-16F7-4668-BE54-9A1E7A4F7556}") = "AV.Middle.Pattern.Structural.DrawShape", "Middle\Pattern\Structural\AV.Middle.Pattern.Structural.DrawShape\AV.Middle.Pattern.Structural.DrawShape.csproj", "{6C537B00-3BED-45CA-B62D-00FF8F4C5BFE}"
EndProject
Project("{9A19103F-16F7-4668-BE54-9A1E7A4F7556}") = "AV.Middle.Pattern.Structural.FilterCriteria", "Middle\Pattern\Structural\AV.Middle.Pattern.Structural.FilterCriteria\AV.Middle.Pattern.Structural.FilterCriteria.csproj", "{49FE2B7C-9306-4A56-99D7-BB33657EA300}"
EndProject
Project("{9A19103F-16F7-4668-BE54-9A1E7A4F7556}") = "AV.Middle.Pattern.Structural.FlyweightPattern", "Middle\Pattern\Structural\AV.Middle.Pattern.Structural.FlyweightPattern\AV.Middle.Pattern.Structural.FlyweightPattern.csproj", "{12926247-C0E7-45F3-93C7-8501B3DF4E1B}"
EndProject
Project("{9A19103F-16F7-4668-BE54-9A1E7A4F7556}") = "AV.Middle.Pattern.Structural.ImageViewer", "Middle\Pattern\Structural\AV.Middle.Pattern.Structural.ImageViewer\AV.Middle.Pattern.Structural.ImageViewer.csproj", "{A1D7E59F-6D60-4139-B11C-57BCA8D1E512}"
EndProject
Project("{9A19103F-16F7-4668-BE54-9A1E7A4F7556}") = "AV.Middle.Pattern.Structural.MediaPlayer", "Middle\Pattern\Structural\AV.Middle.Pattern.Structural.MediaPlayer\AV.Middle.Pattern.Structural.MediaPlayer.csproj", "{EBA68210-315A-4EC4-B616-72227D7875BD}"
EndProject
Project("{9A19103F-16F7-4668-BE54-9A1E7A4F7556}") = "AV.Middle.Pattern.Structural.ShapeMaker", "Middle\Pattern\Structural\AV.Middle.Pattern.Structural.ShapeMaker\AV.Middle.Pattern.Structural.ShapeMaker.csproj", "{002E1A5C-3BF3-4B08-B2A4-8A99B1D508AC}"
EndProject
Project("{9A19103F-16F7-4668-BE54-9A1E7A4F7556}") = "AV.Middle.Pattern.Behavioral.StatePattern", "Middle\Pattern\Behavioral\AV.Middle.Pattern.Behavioral.StatePattern\AV.Middle.Pattern.Behavioral.StatePattern.csproj", "{35EFC2A7-EE03-4530-9AAF-3B37C00304B1}"
EndProject
Project("{9A19103F-16F7-4668-BE54-9A1E7A4F7556}") = "AV.Middle.Pattern.Behavioral.CheckCustomer", "Middle\Pattern\Behavioral\AV.Middle.Pattern.Behavioral.CheckCustomer\AV.Middle.Pattern.Behavioral.CheckCustomer.csproj", "{E12D002C-2DB9-4EF4-970E-DEB785238F5B}"
EndProject
Project("{9A19103F-16F7-4668-BE54-9A1E7A4F7556}") = "AV.Middle.Pattern.Behavioral.Arithmetic", "Middle\Pattern\Behavioral\AV.Middle.Pattern.Behavioral.Arithmetic\AV.Middle.Pattern.Behavioral.Arithmetic.csproj", "{94B52E61-33BA-4701-B42D-7A6EC943A2BC}"
EndProject
Project("{9A19103F-16F7-4668-BE54-9A1E7A4F7556}") = "AV.Middle.Pattern.Behavioral.ComputerParts", "Middle\Pattern\Behavioral\AV.Middle.Pattern.Behavioral.ComputerParts\AV.Middle.Pattern.Behavioral.ComputerParts.csproj", "{8B56FD6E-2AF0-450C-B563-591DDB842269}"
EndProject
Project("{2150E333-8FDC-42A3-9474-1A3956D46DE8}") = "TestDriven", "TestDriven", "{054D1691-8411-4A9F-B7A7-26F89D4A3A90}"
EndProject
Project("{2150E333-8FDC-42A3-9474-1A3956D46DE8}") = "Middle", "Middle", "{32087846-F489-4B75-81EA-41806E161A3C}"
EndProject
Project("{2150E333-8FDC-42A3-9474-1A3956D46DE8}") = "Behavioral", "Behavioral", "{FB122F5B-591E-40F8-8CA3-F91D5575EEA0}"
EndProject
Project("{9A19103F-16F7-4668-BE54-9A1E7A4F7556}") = "TestDriven.Middle.Behavioral.Arithmetic", "TestDriven\Pattern\Behavioral\AV.TestDriven.Middle.Behavioral.Arithmetic\TestDriven.Middle.Behavioral.Arithmetic.csproj", "{76B4639E-025E-4B4E-9AFA-EB890E8BF744}"
EndProject
Project("{9A19103F-16F7-4668-BE54-9A1E7A4F7556}") = "AV.Middle.Common.CustomException", "Middle\Common\AV.Middle.Common.CustomException\AV.Middle.Common.CustomException.csproj", "{9D9B26C6-077C-4AA3-B625-32E063BC9A2D}"
EndProject
Project("{9A19103F-16F7-4668-BE54-9A1E7A4F7556}") = "TestDriven.Middle.Behavioral.MVC", "TestDriven\Pattern\Behavioral\AV.TestDriven.Middle.Behavioral.MVC\TestDriven.Middle.Behavioral.MVC.csproj", "{6D3DE241-E9F7-4E2C-91B4-D6D5165F1FE0}"
EndProject
Project("{9A19103F-16F7-4668-BE54-9A1E7A4F7556}") = "AV.Middle.Pattern.Behavioral.MVC", "Middle\Pattern\Behavioral\AV.Middle.Pattern.Behavioral.MVC\AV.Middle.Pattern.Behavioral.MVC.csproj", "{FB43122F-D8A8-4BA8-A9A5-5846A87B173D}"
EndProject
Project("{2150E333-8FDC-42A3-9474-1A3956D46DE8}") = "Client", "Client", "{8AC08954-02F3-4188-A18C-4733357996A3}"
EndProject
Project("{2150E333-8FDC-42A3-9474-1A3956D46DE8}") = "Web", "Web", "{94B8F869-C496-47FF-9E73-1B1A9ED7CA31}"
EndProject
Project("{9A19103F-16F7-4668-BE54-9A1E7A4F7556}") = "TestDriven.Middle.Behavioral.ComputerParts", "TestDriven\Pattern\Behavioral\TestDriven.Middle.Behavioral.ComputerParts\TestDriven.Middle.Behavioral.ComputerParts.csproj", "{AA7CDA9F-85FB-463C-89D3-979F7E6DD5D7}"
EndProject
Project("{FAE04EC0-301F-11D3-BF4B-00C04F79EFBC}") = "AV.Middle.Common.HierarchicalData", "Middle\Common\AV.Middle.Common.HierarchicalData\AV.Middle.Common.HierarchicalData.csproj", "{7A400489-13DD-4797-99D4-C0F802822FCD}"
EndProject
Global
	GlobalSection(SolutionConfigurationPlatforms) = preSolution
		Debug|Any CPU = Debug|Any CPU
		Release|Any CPU = Release|Any CPU
	EndGlobalSection
	GlobalSection(ProjectConfigurationPlatforms) = postSolution
		{36FBCDA0-A658-40E8-94D0-13C42A09C46A}.Debug|Any CPU.ActiveCfg = Debug|Any CPU
		{36FBCDA0-A658-40E8-94D0-13C42A09C46A}.Debug|Any CPU.Build.0 = Debug|Any CPU
		{36FBCDA0-A658-40E8-94D0-13C42A09C46A}.Release|Any CPU.ActiveCfg = Release|Any CPU
		{36FBCDA0-A658-40E8-94D0-13C42A09C46A}.Release|Any CPU.Build.0 = Release|Any CPU
		{6690EBE7-C42B-48C6-A9CB-D867C9CE5F2A}.Debug|Any CPU.ActiveCfg = Debug|Any CPU
		{6690EBE7-C42B-48C6-A9CB-D867C9CE5F2A}.Debug|Any CPU.Build.0 = Debug|Any CPU
		{6690EBE7-C42B-48C6-A9CB-D867C9CE5F2A}.Release|Any CPU.ActiveCfg = Release|Any CPU
		{6690EBE7-C42B-48C6-A9CB-D867C9CE5F2A}.Release|Any CPU.Build.0 = Release|Any CPU
		{F49093A3-04F1-4478-9A49-6A47AAF6B44B}.Debug|Any CPU.ActiveCfg = Debug|Any CPU
		{F49093A3-04F1-4478-9A49-6A47AAF6B44B}.Debug|Any CPU.Build.0 = Debug|Any CPU
		{F49093A3-04F1-4478-9A49-6A47AAF6B44B}.Release|Any CPU.ActiveCfg = Release|Any CPU
		{F49093A3-04F1-4478-9A49-6A47AAF6B44B}.Release|Any CPU.Build.0 = Release|Any CPU
		{D3BEFBAE-9946-4355-AD8F-7B03D3BC3C5A}.Debug|Any CPU.ActiveCfg = Debug|Any CPU
		{D3BEFBAE-9946-4355-AD8F-7B03D3BC3C5A}.Debug|Any CPU.Build.0 = Debug|Any CPU
		{D3BEFBAE-9946-4355-AD8F-7B03D3BC3C5A}.Release|Any CPU.ActiveCfg = Release|Any CPU
		{D3BEFBAE-9946-4355-AD8F-7B03D3BC3C5A}.Release|Any CPU.Build.0 = Release|Any CPU
		{4BA82556-FD31-4CA7-9FFE-C647DBD39167}.Debug|Any CPU.ActiveCfg = Debug|Any CPU
		{4BA82556-FD31-4CA7-9FFE-C647DBD39167}.Debug|Any CPU.Build.0 = Debug|Any CPU
		{4BA82556-FD31-4CA7-9FFE-C647DBD39167}.Release|Any CPU.ActiveCfg = Release|Any CPU
		{4BA82556-FD31-4CA7-9FFE-C647DBD39167}.Release|Any CPU.Build.0 = Release|Any CPU
		{1C2DDB90-E443-4049-ADFF-15F8E8E0931A}.Debug|Any CPU.ActiveCfg = Debug|Any CPU
		{1C2DDB90-E443-4049-ADFF-15F8E8E0931A}.Debug|Any CPU.Build.0 = Debug|Any CPU
		{1C2DDB90-E443-4049-ADFF-15F8E8E0931A}.Release|Any CPU.ActiveCfg = Release|Any CPU
		{1C2DDB90-E443-4049-ADFF-15F8E8E0931A}.Release|Any CPU.Build.0 = Release|Any CPU
		{5A3B56BE-DDBB-45C0-BC91-60DDB2FA1A44}.Debug|Any CPU.ActiveCfg = Debug|Any CPU
		{5A3B56BE-DDBB-45C0-BC91-60DDB2FA1A44}.Debug|Any CPU.Build.0 = Debug|Any CPU
		{5A3B56BE-DDBB-45C0-BC91-60DDB2FA1A44}.Release|Any CPU.ActiveCfg = Release|Any CPU
		{5A3B56BE-DDBB-45C0-BC91-60DDB2FA1A44}.Release|Any CPU.Build.0 = Release|Any CPU
		{A64D1CD9-71EA-4FBC-8861-E8A96DD7D7D9}.Debug|Any CPU.ActiveCfg = Debug|Any CPU
		{A64D1CD9-71EA-4FBC-8861-E8A96DD7D7D9}.Debug|Any CPU.Build.0 = Debug|Any CPU
		{A64D1CD9-71EA-4FBC-8861-E8A96DD7D7D9}.Release|Any CPU.ActiveCfg = Release|Any CPU
		{A64D1CD9-71EA-4FBC-8861-E8A96DD7D7D9}.Release|Any CPU.Build.0 = Release|Any CPU
		{3D33B0C7-6FCA-43C0-8E4B-11BC11BB46DE}.Debug|Any CPU.ActiveCfg = Debug|Any CPU
		{3D33B0C7-6FCA-43C0-8E4B-11BC11BB46DE}.Debug|Any CPU.Build.0 = Debug|Any CPU
		{3D33B0C7-6FCA-43C0-8E4B-11BC11BB46DE}.Release|Any CPU.ActiveCfg = Release|Any CPU
		{3D33B0C7-6FCA-43C0-8E4B-11BC11BB46DE}.Release|Any CPU.Build.0 = Release|Any CPU
		{F7637041-60D1-4C0E-ADE7-91C556E9CA2B}.Debug|Any CPU.ActiveCfg = Debug|Any CPU
		{F7637041-60D1-4C0E-ADE7-91C556E9CA2B}.Debug|Any CPU.Build.0 = Debug|Any CPU
		{F7637041-60D1-4C0E-ADE7-91C556E9CA2B}.Release|Any CPU.ActiveCfg = Release|Any CPU
		{F7637041-60D1-4C0E-ADE7-91C556E9CA2B}.Release|Any CPU.Build.0 = Release|Any CPU
		{EAB3802C-DD77-416D-B3D5-B5049B33D300}.Debug|Any CPU.ActiveCfg = Debug|Any CPU
		{EAB3802C-DD77-416D-B3D5-B5049B33D300}.Debug|Any CPU.Build.0 = Debug|Any CPU
		{EAB3802C-DD77-416D-B3D5-B5049B33D300}.Release|Any CPU.ActiveCfg = Release|Any CPU
		{EAB3802C-DD77-416D-B3D5-B5049B33D300}.Release|Any CPU.Build.0 = Release|Any CPU
		{374B4A0B-82F6-4CC6-8CE9-A5F3E98B44E7}.Debug|Any CPU.ActiveCfg = Debug|Any CPU
		{374B4A0B-82F6-4CC6-8CE9-A5F3E98B44E7}.Debug|Any CPU.Build.0 = Debug|Any CPU
		{374B4A0B-82F6-4CC6-8CE9-A5F3E98B44E7}.Release|Any CPU.ActiveCfg = Release|Any CPU
		{374B4A0B-82F6-4CC6-8CE9-A5F3E98B44E7}.Release|Any CPU.Build.0 = Release|Any CPU
		{B80C620A-7E5B-4AD2-9A24-6E1BCC562B91}.Debug|Any CPU.ActiveCfg = Debug|Any CPU
		{B80C620A-7E5B-4AD2-9A24-6E1BCC562B91}.Debug|Any CPU.Build.0 = Debug|Any CPU
		{B80C620A-7E5B-4AD2-9A24-6E1BCC562B91}.Release|Any CPU.ActiveCfg = Release|Any CPU
		{B80C620A-7E5B-4AD2-9A24-6E1BCC562B91}.Release|Any CPU.Build.0 = Release|Any CPU
		{71A69082-8512-4DF2-8A33-2EFBBB4BE481}.Debug|Any CPU.ActiveCfg = Debug|Any CPU
		{71A69082-8512-4DF2-8A33-2EFBBB4BE481}.Debug|Any CPU.Build.0 = Debug|Any CPU
		{71A69082-8512-4DF2-8A33-2EFBBB4BE481}.Release|Any CPU.ActiveCfg = Release|Any CPU
		{71A69082-8512-4DF2-8A33-2EFBBB4BE481}.Release|Any CPU.Build.0 = Release|Any CPU
		{1BD36888-CB75-4DF3-8B8D-6CA6D5BBD04D}.Debug|Any CPU.ActiveCfg = Debug|Any CPU
		{1BD36888-CB75-4DF3-8B8D-6CA6D5BBD04D}.Debug|Any CPU.Build.0 = Debug|Any CPU
		{1BD36888-CB75-4DF3-8B8D-6CA6D5BBD04D}.Release|Any CPU.ActiveCfg = Release|Any CPU
		{1BD36888-CB75-4DF3-8B8D-6CA6D5BBD04D}.Release|Any CPU.Build.0 = Release|Any CPU
		{F1BEDB4C-E2F2-4F6C-ABA4-D98F150BB823}.Debug|Any CPU.ActiveCfg = Debug|Any CPU
		{F1BEDB4C-E2F2-4F6C-ABA4-D98F150BB823}.Debug|Any CPU.Build.0 = Debug|Any CPU
		{F1BEDB4C-E2F2-4F6C-ABA4-D98F150BB823}.Release|Any CPU.ActiveCfg = Release|Any CPU
		{F1BEDB4C-E2F2-4F6C-ABA4-D98F150BB823}.Release|Any CPU.Build.0 = Release|Any CPU
		{7F3A50B7-CFA1-4806-9846-472C90727AD7}.Debug|Any CPU.ActiveCfg = Debug|Any CPU
		{7F3A50B7-CFA1-4806-9846-472C90727AD7}.Debug|Any CPU.Build.0 = Debug|Any CPU
		{7F3A50B7-CFA1-4806-9846-472C90727AD7}.Release|Any CPU.ActiveCfg = Release|Any CPU
		{7F3A50B7-CFA1-4806-9846-472C90727AD7}.Release|Any CPU.Build.0 = Release|Any CPU
		{9D36F33F-7539-4CED-A1A4-399090A22A55}.Debug|Any CPU.ActiveCfg = Debug|Any CPU
		{9D36F33F-7539-4CED-A1A4-399090A22A55}.Debug|Any CPU.Build.0 = Debug|Any CPU
		{9D36F33F-7539-4CED-A1A4-399090A22A55}.Release|Any CPU.ActiveCfg = Release|Any CPU
		{9D36F33F-7539-4CED-A1A4-399090A22A55}.Release|Any CPU.Build.0 = Release|Any CPU
		{B8F555A4-C3DD-4037-BF00-3007F9174009}.Debug|Any CPU.ActiveCfg = Debug|Any CPU
		{B8F555A4-C3DD-4037-BF00-3007F9174009}.Debug|Any CPU.Build.0 = Debug|Any CPU
		{B8F555A4-C3DD-4037-BF00-3007F9174009}.Release|Any CPU.ActiveCfg = Release|Any CPU
		{B8F555A4-C3DD-4037-BF00-3007F9174009}.Release|Any CPU.Build.0 = Release|Any CPU
		{0425CB92-0D03-4BB5-9C13-4DEEC812DBB3}.Debug|Any CPU.ActiveCfg = Debug|Any CPU
		{0425CB92-0D03-4BB5-9C13-4DEEC812DBB3}.Debug|Any CPU.Build.0 = Debug|Any CPU
		{0425CB92-0D03-4BB5-9C13-4DEEC812DBB3}.Release|Any CPU.ActiveCfg = Release|Any CPU
		{0425CB92-0D03-4BB5-9C13-4DEEC812DBB3}.Release|Any CPU.Build.0 = Release|Any CPU
		{A918F4B3-C1E1-480B-A437-E22BFE4F5AE2}.Debug|Any CPU.ActiveCfg = Debug|Any CPU
		{A918F4B3-C1E1-480B-A437-E22BFE4F5AE2}.Debug|Any CPU.Build.0 = Debug|Any CPU
		{A918F4B3-C1E1-480B-A437-E22BFE4F5AE2}.Release|Any CPU.ActiveCfg = Release|Any CPU
		{A918F4B3-C1E1-480B-A437-E22BFE4F5AE2}.Release|Any CPU.Build.0 = Release|Any CPU
		{6537AC01-5161-447F-8259-D1663EF6AA44}.Debug|Any CPU.ActiveCfg = Debug|Any CPU
		{6537AC01-5161-447F-8259-D1663EF6AA44}.Debug|Any CPU.Build.0 = Debug|Any CPU
		{6537AC01-5161-447F-8259-D1663EF6AA44}.Release|Any CPU.ActiveCfg = Release|Any CPU
		{6537AC01-5161-447F-8259-D1663EF6AA44}.Release|Any CPU.Build.0 = Release|Any CPU
		{BE628F65-743B-48DE-A4E6-591DAD60D8C1}.Debug|Any CPU.ActiveCfg = Debug|Any CPU
		{BE628F65-743B-48DE-A4E6-591DAD60D8C1}.Debug|Any CPU.Build.0 = Debug|Any CPU
		{BE628F65-743B-48DE-A4E6-591DAD60D8C1}.Release|Any CPU.ActiveCfg = Release|Any CPU
		{BE628F65-743B-48DE-A4E6-591DAD60D8C1}.Release|Any CPU.Build.0 = Release|Any CPU
		{C4CC46A0-4585-4430-BB76-98378F5C3212}.Debug|Any CPU.ActiveCfg = Debug|Any CPU
		{C4CC46A0-4585-4430-BB76-98378F5C3212}.Debug|Any CPU.Build.0 = Debug|Any CPU
		{C4CC46A0-4585-4430-BB76-98378F5C3212}.Release|Any CPU.ActiveCfg = Release|Any CPU
		{C4CC46A0-4585-4430-BB76-98378F5C3212}.Release|Any CPU.Build.0 = Release|Any CPU
		{786189D6-9F7C-4CB3-BA7C-4DBA8E995049}.Debug|Any CPU.ActiveCfg = Debug|Any CPU
		{786189D6-9F7C-4CB3-BA7C-4DBA8E995049}.Debug|Any CPU.Build.0 = Debug|Any CPU
		{786189D6-9F7C-4CB3-BA7C-4DBA8E995049}.Release|Any CPU.ActiveCfg = Release|Any CPU
		{786189D6-9F7C-4CB3-BA7C-4DBA8E995049}.Release|Any CPU.Build.0 = Release|Any CPU
		{31F23CA4-EBD1-47FE-B2EF-F7CFA71BEEAC}.Debug|Any CPU.ActiveCfg = Debug|Any CPU
		{31F23CA4-EBD1-47FE-B2EF-F7CFA71BEEAC}.Debug|Any CPU.Build.0 = Debug|Any CPU
		{31F23CA4-EBD1-47FE-B2EF-F7CFA71BEEAC}.Release|Any CPU.ActiveCfg = Release|Any CPU
		{31F23CA4-EBD1-47FE-B2EF-F7CFA71BEEAC}.Release|Any CPU.Build.0 = Release|Any CPU
		{99435BF4-BF98-4C01-8899-B870C00D7845}.Debug|Any CPU.ActiveCfg = Debug|Any CPU
		{99435BF4-BF98-4C01-8899-B870C00D7845}.Debug|Any CPU.Build.0 = Debug|Any CPU
		{99435BF4-BF98-4C01-8899-B870C00D7845}.Release|Any CPU.ActiveCfg = Release|Any CPU
		{99435BF4-BF98-4C01-8899-B870C00D7845}.Release|Any CPU.Build.0 = Release|Any CPU
		{00572EC3-F01A-4F71-94E8-3892618A36C6}.Debug|Any CPU.ActiveCfg = Debug|Any CPU
		{00572EC3-F01A-4F71-94E8-3892618A36C6}.Debug|Any CPU.Build.0 = Debug|Any CPU
		{00572EC3-F01A-4F71-94E8-3892618A36C6}.Release|Any CPU.ActiveCfg = Release|Any CPU
		{00572EC3-F01A-4F71-94E8-3892618A36C6}.Release|Any CPU.Build.0 = Release|Any CPU
		{DF6E6438-A8D5-4E7F-AC84-B09C58B4222E}.Debug|Any CPU.ActiveCfg = Debug|Any CPU
		{DF6E6438-A8D5-4E7F-AC84-B09C58B4222E}.Debug|Any CPU.Build.0 = Debug|Any CPU
		{DF6E6438-A8D5-4E7F-AC84-B09C58B4222E}.Release|Any CPU.ActiveCfg = Release|Any CPU
		{DF6E6438-A8D5-4E7F-AC84-B09C58B4222E}.Release|Any CPU.Build.0 = Release|Any CPU
		{28EA6DD7-C748-43F7-BCDC-1D413D3208BF}.Debug|Any CPU.ActiveCfg = Debug|Any CPU
		{28EA6DD7-C748-43F7-BCDC-1D413D3208BF}.Debug|Any CPU.Build.0 = Debug|Any CPU
		{28EA6DD7-C748-43F7-BCDC-1D413D3208BF}.Release|Any CPU.ActiveCfg = Release|Any CPU
		{28EA6DD7-C748-43F7-BCDC-1D413D3208BF}.Release|Any CPU.Build.0 = Release|Any CPU
		{AE32D1FE-058A-4A30-9E62-55CE6A15787F}.Debug|Any CPU.ActiveCfg = Debug|Any CPU
		{AE32D1FE-058A-4A30-9E62-55CE6A15787F}.Debug|Any CPU.Build.0 = Debug|Any CPU
		{AE32D1FE-058A-4A30-9E62-55CE6A15787F}.Release|Any CPU.ActiveCfg = Release|Any CPU
		{AE32D1FE-058A-4A30-9E62-55CE6A15787F}.Release|Any CPU.Build.0 = Release|Any CPU
		{DF59A2BC-4C9E-4A5F-BB93-4C710FD66E6B}.Debug|Any CPU.ActiveCfg = Debug|Any CPU
		{DF59A2BC-4C9E-4A5F-BB93-4C710FD66E6B}.Debug|Any CPU.Build.0 = Debug|Any CPU
		{DF59A2BC-4C9E-4A5F-BB93-4C710FD66E6B}.Release|Any CPU.ActiveCfg = Release|Any CPU
		{DF59A2BC-4C9E-4A5F-BB93-4C710FD66E6B}.Release|Any CPU.Build.0 = Release|Any CPU
		{9D949A4C-F704-44DE-BDB0-3C6B74BC4013}.Debug|Any CPU.ActiveCfg = Debug|Any CPU
		{9D949A4C-F704-44DE-BDB0-3C6B74BC4013}.Debug|Any CPU.Build.0 = Debug|Any CPU
		{9D949A4C-F704-44DE-BDB0-3C6B74BC4013}.Release|Any CPU.ActiveCfg = Release|Any CPU
		{9D949A4C-F704-44DE-BDB0-3C6B74BC4013}.Release|Any CPU.Build.0 = Release|Any CPU
		{B22BE9FA-5131-4EE0-A995-3ED8870C6341}.Debug|Any CPU.ActiveCfg = Debug|Any CPU
		{B22BE9FA-5131-4EE0-A995-3ED8870C6341}.Debug|Any CPU.Build.0 = Debug|Any CPU
		{B22BE9FA-5131-4EE0-A995-3ED8870C6341}.Release|Any CPU.ActiveCfg = Release|Any CPU
		{B22BE9FA-5131-4EE0-A995-3ED8870C6341}.Release|Any CPU.Build.0 = Release|Any CPU
		{036739CD-207C-4287-B72F-BA94CDCFA83E}.Debug|Any CPU.ActiveCfg = Debug|Any CPU
		{036739CD-207C-4287-B72F-BA94CDCFA83E}.Debug|Any CPU.Build.0 = Debug|Any CPU
		{036739CD-207C-4287-B72F-BA94CDCFA83E}.Release|Any CPU.ActiveCfg = Release|Any CPU
		{036739CD-207C-4287-B72F-BA94CDCFA83E}.Release|Any CPU.Build.0 = Release|Any CPU
		{606A24F4-276F-4C0C-A54B-087BC240FCE6}.Debug|Any CPU.ActiveCfg = Debug|Any CPU
		{606A24F4-276F-4C0C-A54B-087BC240FCE6}.Debug|Any CPU.Build.0 = Debug|Any CPU
		{606A24F4-276F-4C0C-A54B-087BC240FCE6}.Release|Any CPU.ActiveCfg = Release|Any CPU
		{606A24F4-276F-4C0C-A54B-087BC240FCE6}.Release|Any CPU.Build.0 = Release|Any CPU
		{DF3AB1EB-1DFB-4B81-8C64-56363F5A9AAD}.Debug|Any CPU.ActiveCfg = Debug|Any CPU
		{DF3AB1EB-1DFB-4B81-8C64-56363F5A9AAD}.Debug|Any CPU.Build.0 = Debug|Any CPU
		{DF3AB1EB-1DFB-4B81-8C64-56363F5A9AAD}.Release|Any CPU.ActiveCfg = Release|Any CPU
		{DF3AB1EB-1DFB-4B81-8C64-56363F5A9AAD}.Release|Any CPU.Build.0 = Release|Any CPU
		{FDA609E3-2438-4356-9207-914781B57F74}.Debug|Any CPU.ActiveCfg = Debug|Any CPU
		{FDA609E3-2438-4356-9207-914781B57F74}.Debug|Any CPU.Build.0 = Debug|Any CPU
		{FDA609E3-2438-4356-9207-914781B57F74}.Release|Any CPU.ActiveCfg = Release|Any CPU
		{FDA609E3-2438-4356-9207-914781B57F74}.Release|Any CPU.Build.0 = Release|Any CPU
		{6C537B00-3BED-45CA-B62D-00FF8F4C5BFE}.Debug|Any CPU.ActiveCfg = Debug|Any CPU
		{6C537B00-3BED-45CA-B62D-00FF8F4C5BFE}.Debug|Any CPU.Build.0 = Debug|Any CPU
		{6C537B00-3BED-45CA-B62D-00FF8F4C5BFE}.Release|Any CPU.ActiveCfg = Release|Any CPU
		{6C537B00-3BED-45CA-B62D-00FF8F4C5BFE}.Release|Any CPU.Build.0 = Release|Any CPU
		{49FE2B7C-9306-4A56-99D7-BB33657EA300}.Debug|Any CPU.ActiveCfg = Debug|Any CPU
		{49FE2B7C-9306-4A56-99D7-BB33657EA300}.Debug|Any CPU.Build.0 = Debug|Any CPU
		{49FE2B7C-9306-4A56-99D7-BB33657EA300}.Release|Any CPU.ActiveCfg = Release|Any CPU
		{49FE2B7C-9306-4A56-99D7-BB33657EA300}.Release|Any CPU.Build.0 = Release|Any CPU
		{12926247-C0E7-45F3-93C7-8501B3DF4E1B}.Debug|Any CPU.ActiveCfg = Debug|Any CPU
		{12926247-C0E7-45F3-93C7-8501B3DF4E1B}.Debug|Any CPU.Build.0 = Debug|Any CPU
		{12926247-C0E7-45F3-93C7-8501B3DF4E1B}.Release|Any CPU.ActiveCfg = Release|Any CPU
		{12926247-C0E7-45F3-93C7-8501B3DF4E1B}.Release|Any CPU.Build.0 = Release|Any CPU
		{A1D7E59F-6D60-4139-B11C-57BCA8D1E512}.Debug|Any CPU.ActiveCfg = Debug|Any CPU
		{A1D7E59F-6D60-4139-B11C-57BCA8D1E512}.Debug|Any CPU.Build.0 = Debug|Any CPU
		{A1D7E59F-6D60-4139-B11C-57BCA8D1E512}.Release|Any CPU.ActiveCfg = Release|Any CPU
		{A1D7E59F-6D60-4139-B11C-57BCA8D1E512}.Release|Any CPU.Build.0 = Release|Any CPU
		{EBA68210-315A-4EC4-B616-72227D7875BD}.Debug|Any CPU.ActiveCfg = Debug|Any CPU
		{EBA68210-315A-4EC4-B616-72227D7875BD}.Debug|Any CPU.Build.0 = Debug|Any CPU
		{EBA68210-315A-4EC4-B616-72227D7875BD}.Release|Any CPU.ActiveCfg = Release|Any CPU
		{EBA68210-315A-4EC4-B616-72227D7875BD}.Release|Any CPU.Build.0 = Release|Any CPU
		{002E1A5C-3BF3-4B08-B2A4-8A99B1D508AC}.Debug|Any CPU.ActiveCfg = Debug|Any CPU
		{002E1A5C-3BF3-4B08-B2A4-8A99B1D508AC}.Debug|Any CPU.Build.0 = Debug|Any CPU
		{002E1A5C-3BF3-4B08-B2A4-8A99B1D508AC}.Release|Any CPU.ActiveCfg = Release|Any CPU
		{002E1A5C-3BF3-4B08-B2A4-8A99B1D508AC}.Release|Any CPU.Build.0 = Release|Any CPU
		{35EFC2A7-EE03-4530-9AAF-3B37C00304B1}.Debug|Any CPU.ActiveCfg = Debug|Any CPU
		{35EFC2A7-EE03-4530-9AAF-3B37C00304B1}.Debug|Any CPU.Build.0 = Debug|Any CPU
		{35EFC2A7-EE03-4530-9AAF-3B37C00304B1}.Release|Any CPU.ActiveCfg = Release|Any CPU
		{35EFC2A7-EE03-4530-9AAF-3B37C00304B1}.Release|Any CPU.Build.0 = Release|Any CPU
		{E12D002C-2DB9-4EF4-970E-DEB785238F5B}.Debug|Any CPU.ActiveCfg = Debug|Any CPU
		{E12D002C-2DB9-4EF4-970E-DEB785238F5B}.Debug|Any CPU.Build.0 = Debug|Any CPU
		{E12D002C-2DB9-4EF4-970E-DEB785238F5B}.Release|Any CPU.ActiveCfg = Release|Any CPU
		{E12D002C-2DB9-4EF4-970E-DEB785238F5B}.Release|Any CPU.Build.0 = Release|Any CPU
		{94B52E61-33BA-4701-B42D-7A6EC943A2BC}.Debug|Any CPU.ActiveCfg = Debug|Any CPU
		{94B52E61-33BA-4701-B42D-7A6EC943A2BC}.Debug|Any CPU.Build.0 = Debug|Any CPU
		{94B52E61-33BA-4701-B42D-7A6EC943A2BC}.Release|Any CPU.ActiveCfg = Release|Any CPU
		{94B52E61-33BA-4701-B42D-7A6EC943A2BC}.Release|Any CPU.Build.0 = Release|Any CPU
		{8B56FD6E-2AF0-450C-B563-591DDB842269}.Debug|Any CPU.ActiveCfg = Debug|Any CPU
		{8B56FD6E-2AF0-450C-B563-591DDB842269}.Debug|Any CPU.Build.0 = Debug|Any CPU
		{8B56FD6E-2AF0-450C-B563-591DDB842269}.Release|Any CPU.ActiveCfg = Release|Any CPU
		{8B56FD6E-2AF0-450C-B563-591DDB842269}.Release|Any CPU.Build.0 = Release|Any CPU
		{76B4639E-025E-4B4E-9AFA-EB890E8BF744}.Debug|Any CPU.ActiveCfg = Debug|Any CPU
		{76B4639E-025E-4B4E-9AFA-EB890E8BF744}.Debug|Any CPU.Build.0 = Debug|Any CPU
		{76B4639E-025E-4B4E-9AFA-EB890E8BF744}.Release|Any CPU.ActiveCfg = Release|Any CPU
		{76B4639E-025E-4B4E-9AFA-EB890E8BF744}.Release|Any CPU.Build.0 = Release|Any CPU
		{9D9B26C6-077C-4AA3-B625-32E063BC9A2D}.Debug|Any CPU.ActiveCfg = Debug|Any CPU
		{9D9B26C6-077C-4AA3-B625-32E063BC9A2D}.Debug|Any CPU.Build.0 = Debug|Any CPU
		{9D9B26C6-077C-4AA3-B625-32E063BC9A2D}.Release|Any CPU.ActiveCfg = Release|Any CPU
		{9D9B26C6-077C-4AA3-B625-32E063BC9A2D}.Release|Any CPU.Build.0 = Release|Any CPU
		{6D3DE241-E9F7-4E2C-91B4-D6D5165F1FE0}.Debug|Any CPU.ActiveCfg = Debug|Any CPU
		{6D3DE241-E9F7-4E2C-91B4-D6D5165F1FE0}.Debug|Any CPU.Build.0 = Debug|Any CPU
		{6D3DE241-E9F7-4E2C-91B4-D6D5165F1FE0}.Release|Any CPU.ActiveCfg = Release|Any CPU
		{6D3DE241-E9F7-4E2C-91B4-D6D5165F1FE0}.Release|Any CPU.Build.0 = Release|Any CPU
		{FB43122F-D8A8-4BA8-A9A5-5846A87B173D}.Debug|Any CPU.ActiveCfg = Debug|Any CPU
		{FB43122F-D8A8-4BA8-A9A5-5846A87B173D}.Debug|Any CPU.Build.0 = Debug|Any CPU
		{FB43122F-D8A8-4BA8-A9A5-5846A87B173D}.Release|Any CPU.ActiveCfg = Release|Any CPU
		{FB43122F-D8A8-4BA8-A9A5-5846A87B173D}.Release|Any CPU.Build.0 = Release|Any CPU
		{AA7CDA9F-85FB-463C-89D3-979F7E6DD5D7}.Debug|Any CPU.ActiveCfg = Debug|Any CPU
		{AA7CDA9F-85FB-463C-89D3-979F7E6DD5D7}.Debug|Any CPU.Build.0 = Debug|Any CPU
		{AA7CDA9F-85FB-463C-89D3-979F7E6DD5D7}.Release|Any CPU.ActiveCfg = Release|Any CPU
		{AA7CDA9F-85FB-463C-89D3-979F7E6DD5D7}.Release|Any CPU.Build.0 = Release|Any CPU
		{7A400489-13DD-4797-99D4-C0F802822FCD}.Debug|Any CPU.ActiveCfg = Debug|Any CPU
		{7A400489-13DD-4797-99D4-C0F802822FCD}.Debug|Any CPU.Build.0 = Debug|Any CPU
		{7A400489-13DD-4797-99D4-C0F802822FCD}.Release|Any CPU.ActiveCfg = Release|Any CPU
		{7A400489-13DD-4797-99D4-C0F802822FCD}.Release|Any CPU.Build.0 = Release|Any CPU
	EndGlobalSection
	GlobalSection(SolutionProperties) = preSolution
		HideSolutionNode = FALSE
	EndGlobalSection
	GlobalSection(NestedProjects) = preSolution
		{4F8ED863-F830-47D7-98FF-4324B312E99B} = {CB9797F3-40AF-4A03-9B5F-E0D5B9629C78}
		{36FBCDA0-A658-40E8-94D0-13C42A09C46A} = {4F8ED863-F830-47D7-98FF-4324B312E99B}
		{EFFD573F-F62E-426C-95AF-1F817BC145D0} = {3483286E-FC33-4E83-8B67-A36C500AF97F}
		{6690EBE7-C42B-48C6-A9CB-D867C9CE5F2A} = {EFFD573F-F62E-426C-95AF-1F817BC145D0}
		{F49093A3-04F1-4478-9A49-6A47AAF6B44B} = {EFFD573F-F62E-426C-95AF-1F817BC145D0}
		{D3BEFBAE-9946-4355-AD8F-7B03D3BC3C5A} = {EFFD573F-F62E-426C-95AF-1F817BC145D0}
		{4BA82556-FD31-4CA7-9FFE-C647DBD39167} = {EFFD573F-F62E-426C-95AF-1F817BC145D0}
		{1C2DDB90-E443-4049-ADFF-15F8E8E0931A} = {EFFD573F-F62E-426C-95AF-1F817BC145D0}
		{5A3B56BE-DDBB-45C0-BC91-60DDB2FA1A44} = {EFFD573F-F62E-426C-95AF-1F817BC145D0}
		{A64D1CD9-71EA-4FBC-8861-E8A96DD7D7D9} = {EFFD573F-F62E-426C-95AF-1F817BC145D0}
		{ED4275B8-C500-41F0-B8A6-F77EF53AA2CC} = {3483286E-FC33-4E83-8B67-A36C500AF97F}
		{25C73EF3-E916-499E-92D7-F6FE08519C42} = {3483286E-FC33-4E83-8B67-A36C500AF97F}
		{3D33B0C7-6FCA-43C0-8E4B-11BC11BB46DE} = {ED4275B8-C500-41F0-B8A6-F77EF53AA2CC}
		{F7637041-60D1-4C0E-ADE7-91C556E9CA2B} = {25C73EF3-E916-499E-92D7-F6FE08519C42}
		{A0DC48C6-E449-424F-B95E-6D3135F35106} = {D409F555-8F99-4C66-B806-3340F3405C27}
		{757E0DCC-59BF-456E-A849-90C201AE1FF4} = {CB9797F3-40AF-4A03-9B5F-E0D5B9629C78}
		{EAB3802C-DD77-416D-B3D5-B5049B33D300} = {A0DC48C6-E449-424F-B95E-6D3135F35106}
		{374B4A0B-82F6-4CC6-8CE9-A5F3E98B44E7} = {EFFD573F-F62E-426C-95AF-1F817BC145D0}
		{B80C620A-7E5B-4AD2-9A24-6E1BCC562B91} = {EFFD573F-F62E-426C-95AF-1F817BC145D0}
		{71A69082-8512-4DF2-8A33-2EFBBB4BE481} = {EFFD573F-F62E-426C-95AF-1F817BC145D0}
		{1BD36888-CB75-4DF3-8B8D-6CA6D5BBD04D} = {EFFD573F-F62E-426C-95AF-1F817BC145D0}
		{F1BEDB4C-E2F2-4F6C-ABA4-D98F150BB823} = {25C73EF3-E916-499E-92D7-F6FE08519C42}
		{7F3A50B7-CFA1-4806-9846-472C90727AD7} = {25C73EF3-E916-499E-92D7-F6FE08519C42}
		{9D36F33F-7539-4CED-A1A4-399090A22A55} = {25C73EF3-E916-499E-92D7-F6FE08519C42}
		{B8F555A4-C3DD-4037-BF00-3007F9174009} = {25C73EF3-E916-499E-92D7-F6FE08519C42}
		{0425CB92-0D03-4BB5-9C13-4DEEC812DBB3} = {25C73EF3-E916-499E-92D7-F6FE08519C42}
		{A918F4B3-C1E1-480B-A437-E22BFE4F5AE2} = {25C73EF3-E916-499E-92D7-F6FE08519C42}
		{6537AC01-5161-447F-8259-D1663EF6AA44} = {ED4275B8-C500-41F0-B8A6-F77EF53AA2CC}
		{BB49D286-50ED-451B-903F-6DCB5BECC0E9} = {3483286E-FC33-4E83-8B67-A36C500AF97F}
		{E62DC7D2-CF73-46A7-B788-E1BD22A08017} = {3483286E-FC33-4E83-8B67-A36C500AF97F}
		{BE628F65-743B-48DE-A4E6-591DAD60D8C1} = {E62DC7D2-CF73-46A7-B788-E1BD22A08017}
		{65A331D3-7E0D-4D44-8FB2-497F757630CE} = {BB49D286-50ED-451B-903F-6DCB5BECC0E9}
		{5BC79C61-3C53-4939-8931-CC2E9D941CB8} = {BB49D286-50ED-451B-903F-6DCB5BECC0E9}
		{296F3330-940D-40C8-83ED-1B66F09293AF} = {BB49D286-50ED-451B-903F-6DCB5BECC0E9}
		{C4CC46A0-4585-4430-BB76-98378F5C3212} = {296F3330-940D-40C8-83ED-1B66F09293AF}
		{786189D6-9F7C-4CB3-BA7C-4DBA8E995049} = {296F3330-940D-40C8-83ED-1B66F09293AF}
		{31F23CA4-EBD1-47FE-B2EF-F7CFA71BEEAC} = {296F3330-940D-40C8-83ED-1B66F09293AF}
		{99435BF4-BF98-4C01-8899-B870C00D7845} = {296F3330-940D-40C8-83ED-1B66F09293AF}
		{00572EC3-F01A-4F71-94E8-3892618A36C6} = {296F3330-940D-40C8-83ED-1B66F09293AF}
		{DF6E6438-A8D5-4E7F-AC84-B09C58B4222E} = {296F3330-940D-40C8-83ED-1B66F09293AF}
		{28EA6DD7-C748-43F7-BCDC-1D413D3208BF} = {296F3330-940D-40C8-83ED-1B66F09293AF}
		{AE32D1FE-058A-4A30-9E62-55CE6A15787F} = {296F3330-940D-40C8-83ED-1B66F09293AF}
		{DF59A2BC-4C9E-4A5F-BB93-4C710FD66E6B} = {296F3330-940D-40C8-83ED-1B66F09293AF}
		{9D949A4C-F704-44DE-BDB0-3C6B74BC4013} = {5BC79C61-3C53-4939-8931-CC2E9D941CB8}
		{B22BE9FA-5131-4EE0-A995-3ED8870C6341} = {5BC79C61-3C53-4939-8931-CC2E9D941CB8}
		{036739CD-207C-4287-B72F-BA94CDCFA83E} = {5BC79C61-3C53-4939-8931-CC2E9D941CB8}
		{606A24F4-276F-4C0C-A54B-087BC240FCE6} = {5BC79C61-3C53-4939-8931-CC2E9D941CB8}
		{DF3AB1EB-1DFB-4B81-8C64-56363F5A9AAD} = {65A331D3-7E0D-4D44-8FB2-497F757630CE}
		{FDA609E3-2438-4356-9207-914781B57F74} = {65A331D3-7E0D-4D44-8FB2-497F757630CE}
		{6C537B00-3BED-45CA-B62D-00FF8F4C5BFE} = {65A331D3-7E0D-4D44-8FB2-497F757630CE}
		{49FE2B7C-9306-4A56-99D7-BB33657EA300} = {65A331D3-7E0D-4D44-8FB2-497F757630CE}
		{12926247-C0E7-45F3-93C7-8501B3DF4E1B} = {65A331D3-7E0D-4D44-8FB2-497F757630CE}
		{A1D7E59F-6D60-4139-B11C-57BCA8D1E512} = {65A331D3-7E0D-4D44-8FB2-497F757630CE}
		{EBA68210-315A-4EC4-B616-72227D7875BD} = {65A331D3-7E0D-4D44-8FB2-497F757630CE}
		{002E1A5C-3BF3-4B08-B2A4-8A99B1D508AC} = {65A331D3-7E0D-4D44-8FB2-497F757630CE}
		{35EFC2A7-EE03-4530-9AAF-3B37C00304B1} = {296F3330-940D-40C8-83ED-1B66F09293AF}
		{E12D002C-2DB9-4EF4-970E-DEB785238F5B} = {296F3330-940D-40C8-83ED-1B66F09293AF}
		{94B52E61-33BA-4701-B42D-7A6EC943A2BC} = {296F3330-940D-40C8-83ED-1B66F09293AF}
		{8B56FD6E-2AF0-450C-B563-591DDB842269} = {296F3330-940D-40C8-83ED-1B66F09293AF}
		{32087846-F489-4B75-81EA-41806E161A3C} = {054D1691-8411-4A9F-B7A7-26F89D4A3A90}
		{FB122F5B-591E-40F8-8CA3-F91D5575EEA0} = {32087846-F489-4B75-81EA-41806E161A3C}
		{76B4639E-025E-4B4E-9AFA-EB890E8BF744} = {FB122F5B-591E-40F8-8CA3-F91D5575EEA0}
		{9D9B26C6-077C-4AA3-B625-32E063BC9A2D} = {EFFD573F-F62E-426C-95AF-1F817BC145D0}
		{6D3DE241-E9F7-4E2C-91B4-D6D5165F1FE0} = {FB122F5B-591E-40F8-8CA3-F91D5575EEA0}
		{FB43122F-D8A8-4BA8-A9A5-5846A87B173D} = {296F3330-940D-40C8-83ED-1B66F09293AF}
		{8AC08954-02F3-4188-A18C-4733357996A3} = {054D1691-8411-4A9F-B7A7-26F89D4A3A90}
		{94B8F869-C496-47FF-9E73-1B1A9ED7CA31} = {8AC08954-02F3-4188-A18C-4733357996A3}
		{AA7CDA9F-85FB-463C-89D3-979F7E6DD5D7} = {FB122F5B-591E-40F8-8CA3-F91D5575EEA0}
		{7A400489-13DD-4797-99D4-C0F802822FCD} = {EFFD573F-F62E-426C-95AF-1F817BC145D0}
	EndGlobalSection
	GlobalSection(ExtensibilityGlobals) = postSolution
		SolutionGuid = {35E3F7CE-B32D-42E1-ABAE-DBF71E7D1C6D}
	EndGlobalSection
EndGlobal
