
Microsoft Visual Studio Solution File, Format Version 12.00
# Visual Studio 15
VisualStudioVersion = 15.0.27130.2010
MinimumVisualStudioVersion = 10.0.40219.1
Project("{2150E333-8FDC-42A3-9474-1A3956D46DE8}") = "Client", "Client", "{CB9797F3-40AF-4A03-9B5F-E0D5B9629C78}"
EndProject
Project("{2150E333-8FDC-42A3-9474-1A3956D46DE8}") = "Middle", "Middle", "{3483286E-FC33-4E83-8B67-A36C500AF97F}"
EndProject
Project("{2150E333-8FDC-42A3-9474-1A3956D46DE8}") = "Service", "Service", "{D409F555-8F99-4C66-B806-3340F3405C27}"
EndProject
Project("{2150E333-8FDC-42A3-9474-1A3956D46DE8}") = "CLI", "CLI", "{4F8ED863-F830-47D7-98FF-4324B312E99B}"
EndProject
Project("{9A19103F-16F7-4668-BE54-9A1E7A4F7556}") = "AV.Client.CLI.Runner", "Client\CLI\AV.Client.CLI.Runner\AV.Client.CLI.Runner.csproj", "{36FBCDA0-A658-40E8-94D0-13C42A09C46A}"
EndProject
Project("{2150E333-8FDC-42A3-9474-1A3956D46DE8}") = "Common", "Common", "{EFFD573F-F62E-426C-95AF-1F817BC145D0}"
EndProject
Project("{9A19103F-16F7-4668-BE54-9A1E7A4F7556}") = "AV.Middle.Common.Comparer", "Middle\Common\AV.Middle.Common.Comparer\AV.Middle.Common.Comparer.csproj", "{6690EBE7-C42B-48C6-A9CB-D867C9CE5F2A}"
EndProject
Project("{9A19103F-16F7-4668-BE54-9A1E7A4F7556}") = "AV.Middle.Common.Configure", "Middle\Common\AV.Middle.Common.Configure\AV.Middle.Common.Configure.csproj", "{F49093A3-04F1-4478-9A49-6A47AAF6B44B}"
EndProject
Project("{9A19103F-16F7-4668-BE54-9A1E7A4F7556}") = "AV.Middle.Common.DAL", "Middle\Common\AV.Middle.Common.DAL\AV.Middle.Common.DAL.csproj", "{D3BEFBAE-9946-4355-AD8F-7B03D3BC3C5A}"
EndProject
Project("{9A19103F-16F7-4668-BE54-9A1E7A4F7556}") = "AV.Middle.Common.Logger", "Middle\Common\AV.Middle.Common.Logger\AV.Middle.Common.Logger.csproj", "{4BA82556-FD31-4CA7-9FFE-C647DBD39167}"
EndProject
Project("{9A19103F-16F7-4668-BE54-9A1E7A4F7556}") = "AV.Middle.Common.Model", "Middle\Common\AV.Middle.Common.Model\AV.Middle.Common.Model.csproj", "{1C2DDB90-E443-4049-ADFF-15F8E8E0931A}"
EndProject
Project("{9A19103F-16F7-4668-BE54-9A1E7A4F7556}") = "AV.Middle.Common.Section", "Middle\Common\AV.Middle.Common.Section\AV.Middle.Common.Section.csproj", "{5A3B56BE-DDBB-45C0-BC91-60DDB2FA1A44}"
EndProject
Project("{9A19103F-16F7-4668-BE54-9A1E7A4F7556}") = "AV.Middle.Common.Utility", "Middle\Common\AV.Middle.Common.Utility\AV.Middle.Common.Utility.csproj", "{A64D1CD9-71EA-4FBC-8861-E8A96DD7D7D9}"
EndProject
Project("{2150E333-8FDC-42A3-9474-1A3956D46DE8}") = "Extension", "Extension", "{ED4275B8-C500-41F0-B8A6-F77EF53AA2CC}"
EndProject
Project("{2150E333-8FDC-42A3-9474-1A3956D46DE8}") = "Reflector", "Reflector", "{25C73EF3-E916-499E-92D7-F6FE08519C42}"
EndProject
Project("{9A19103F-16F7-4668-BE54-9A1E7A4F7556}") = "AV.Middle.Extension.Generic", "Middle\Extension\AV.Middle.Extension.Generic\AV.Middle.Extension.Generic.csproj", "{3D33B0C7-6FCA-43C0-8E4B-11BC11BB46DE}"
EndProject
Project("{9A19103F-16F7-4668-BE54-9A1E7A4F7556}") = "AV.Middle.Reflector.IService", "Middle\Reflector\AV.Middle.Reflector.IService\AV.Middle.Reflector.IService.csproj", "{F7637041-60D1-4C0E-ADE7-91C556E9CA2B}"
EndProject
Project("{2150E333-8FDC-42A3-9474-1A3956D46DE8}") = "WebAPI", "WebAPI", "{A0DC48C6-E449-424F-B95E-6D3135F35106}"
EndProject
Project("{2150E333-8FDC-42A3-9474-1A3956D46DE8}") = "Web", "Web", "{757E0DCC-59BF-456E-A849-90C201AE1FF4}"
EndProject
Project("{9A19103F-16F7-4668-BE54-9A1E7A4F7556}") = "AV.Client.Web.Runner", "Client\Web\AV.Client.Web.Runner\AV.Client.Web.Runner.csproj", "{3CFB208A-6D2B-4FB4-B626-7731F1AC8CE3}"
EndProject
Project("{9A19103F-16F7-4668-BE54-9A1E7A4F7556}") = "AV.Service.WebAPI.Runner", "Service\WebAPI\AV.Service.WebAPI.Runner\AV.Service.WebAPI.Runner.csproj", "{EAB3802C-DD77-416D-B3D5-B5049B33D300}"
EndProject
Project("{9A19103F-16F7-4668-BE54-9A1E7A4F7556}") = "AV.Middle.Common.Terminal", "Middle\Common\AV.Middle.Common.Command\AV.Middle.Common.Terminal.csproj", "{374B4A0B-82F6-4CC6-8CE9-A5F3E98B44E7}"
EndProject
Project("{9A19103F-16F7-4668-BE54-9A1E7A4F7556}") = "AV.Middle.Common.VersionControl", "Middle\Common\AV.Middle.Common.VersionControl\AV.Middle.Common.VersionControl.csproj", "{B80C620A-7E5B-4AD2-9A24-6E1BCC562B91}"
EndProject
Project("{9A19103F-16F7-4668-BE54-9A1E7A4F7556}") = "AV.Middle.Common.Machine", "Middle\Common\AV.Middle.Common.Machine\AV.Middle.Common.Machine.csproj", "{71A69082-8512-4DF2-8A33-2EFBBB4BE481}"
EndProject
Project("{9A19103F-16F7-4668-BE54-9A1E7A4F7556}") = "AV.Middle.Common.Reflection", "Middle\Common\AV.Middle.Common.Reflection\AV.Middle.Common.Reflection.csproj", "{1BD36888-CB75-4DF3-8B8D-6CA6D5BBD04D}"
EndProject
Project("{9A19103F-16F7-4668-BE54-9A1E7A4F7556}") = "AV.Middle.Reflector.VersionController", "Middle\Reflector\AV.Middle.Reflector.VersionController\AV.Middle.Reflector.VersionController.csproj", "{F1BEDB4C-E2F2-4F6C-ABA4-D98F150BB823}"
EndProject
Project("{9A19103F-16F7-4668-BE54-9A1E7A4F7556}") = "AV.Middle.Reflector.DatabaseController", "Middle\Reflector\AV.Middle.Reflector.DatabaseController\AV.Middle.Reflector.DatabaseController.csproj", "{7F3A50B7-CFA1-4806-9846-472C90727AD7}"
EndProject
Project("{9A19103F-16F7-4668-BE54-9A1E7A4F7556}") = "AV.Middle.Reflector.FileController", "Middle\Reflector\AV.Middle.Reflector.FileController\AV.Middle.Reflector.FileController.csproj", "{9D36F33F-7539-4CED-A1A4-399090A22A55}"
EndProject
Project("{9A19103F-16F7-4668-BE54-9A1E7A4F7556}") = "AV.Middle.Reflector.MachineController", "Middle\Reflector\AV.Middle.Reflector.MachineController\AV.Middle.Reflector.MachineController.csproj", "{B8F555A4-C3DD-4037-BF00-3007F9174009}"
EndProject
Project("{9A19103F-16F7-4668-BE54-9A1E7A4F7556}") = "AV.Middle.Reflector.RegistryController", "Middle\Reflector\AV.Middle.Reflector.RegistryController\AV.Middle.Reflector.RegistryController.csproj", "{0425CB92-0D03-4BB5-9C13-4DEEC812DBB3}"
EndProject
Project("{9A19103F-16F7-4668-BE54-9A1E7A4F7556}") = "AV.Middle.Reflector.TotalCommander", "Middle\Reflector\AV.Middle.Reflector.TotalCommander\AV.Middle.Reflector.TotalCommander.csproj", "{A918F4B3-C1E1-480B-A437-E22BFE4F5AE2}"
EndProject
Project("{9A19103F-16F7-4668-BE54-9A1E7A4F7556}") = "AV.Middle.Extension.GenericLog", "Middle\Extension\AV.Middle.Extension.GenericLog\AV.Middle.Extension.GenericLog.csproj", "{6537AC01-5161-447F-8259-D1663EF6AA44}"
EndProject
Project("{2150E333-8FDC-42A3-9474-1A3956D46DE8}") = "Pattern", "Pattern", "{BB49D286-50ED-451B-903F-6DCB5BECC0E9}"
EndProject
Project("{9A19103F-16F7-4668-BE54-9A1E7A4F7556}") = "AV.Middle.Pattern.DuckGame", "Middle\Pattern\AV.Middle.Pattern.DuckGame\AV.Middle.Pattern.DuckGame.csproj", "{C353DCE0-3F76-4D7C-845A-850A40236FDF}"
EndProject
Project("{9A19103F-16F7-4668-BE54-9A1E7A4F7556}") = "AV.Middle.Pattern.Game", "Middle\Pattern\AV.Middle.Pattern.Game\AV.Middle.Pattern.Game.csproj", "{38267818-DCFA-4D4D-9CEB-90F3F42D01F4}"
EndProject
Project("{9A19103F-16F7-4668-BE54-9A1E7A4F7556}") = "AV.Middle.Pattern.Geometry", "Middle\Pattern\AV.Middle.Pattern.Geometry\AV.Middle.Pattern.Geometry.csproj", "{F6812DF8-B65C-4229-83E1-35211C65E8A4}"
EndProject
Project("{9A19103F-16F7-4668-BE54-9A1E7A4F7556}") = "AV.Middle.Pattern.MediaPlayer", "Middle\Pattern\AV.Middle.Pattern.MediaPlayer\AV.Middle.Pattern.MediaPlayer.csproj", "{72217AF3-9CAD-4E1E-9872-390D86873132}"
EndProject
Project("{9A19103F-16F7-4668-BE54-9A1E7A4F7556}") = "AV.Middle.Pattern.Restaurant", "Middle\Pattern\AV.Middle.Pattern.Restaurant\AV.Middle.Pattern.Restaurant.csproj", "{FD585601-8E9C-4E31-B62A-EF657EDB4BF4}"
EndProject
Project("{9A19103F-16F7-4668-BE54-9A1E7A4F7556}") = "AV.Middle.Pattern.Shape", "Middle\Pattern\AV.Middle.Pattern.Shape\AV.Middle.Pattern.Shape.csproj", "{888ECE17-56B8-470D-8F44-5D66736B7A01}"
EndProject
Project("{9A19103F-16F7-4668-BE54-9A1E7A4F7556}") = "AV.Middle.Pattern.ShapePrototype", "Middle\Pattern\AV.Middle.Pattern.ShapePrototype\AV.Middle.Pattern.ShapePrototype.csproj", "{F3A4AFFB-9938-4C59-A04F-8D137B66281A}"
EndProject
Project("{9A19103F-16F7-4668-BE54-9A1E7A4F7556}") = "AV.Middle.Pattern.DrawShape", "Middle\Pattern\AV.Middle.Pattern.DrawShape\AV.Middle.Pattern.DrawShape.csproj", "{E4A3662C-CD78-4D54-9DBF-7DC73E7185CB}"
EndProject
Project("{9A19103F-16F7-4668-BE54-9A1E7A4F7556}") = "AV.Middle.Pattern.FilterCriteria", "Middle\Pattern\AV.Middle.Pattern.FilterCriteria\AV.Middle.Pattern.FilterCriteria.csproj", "{596DABAE-2914-433D-88EF-BBBF5A997308}"
EndProject
Project("{9A19103F-16F7-4668-BE54-9A1E7A4F7556}") = "AV.Middle.Pattern.Company", "Middle\Pattern\AV.Middle.Pattern.Company\AV.Middle.Pattern.Company.csproj", "{48747ED2-CCE0-41A9-97EE-CC0C253AC7F1}"
EndProject
Project("{9A19103F-16F7-4668-BE54-9A1E7A4F7556}") = "AV.Middle.Pattern.DecorateShape", "Middle\Pattern\AV.Middle.Pattern.DecorateShape\AV.Middle.Pattern.DecorateShape.csproj", "{FD685D29-A48F-44F3-B71F-49B048F80402}"
EndProject
Project("{FAE04EC0-301F-11D3-BF4B-00C04F79EFBC}") = "AV.Middle.Pattern.ShapeMaker", "Middle\Pattern\AV.Middle.Pattern.ShapeMaker\AV.Middle.Pattern.ShapeMaker.csproj", "{7D284FEC-1987-4873-9932-645C81F17E37}"
EndProject
Project("{FAE04EC0-301F-11D3-BF4B-00C04F79EFBC}") = "AV.Middle.Pattern.FlyweightPattern", "Middle\Pattern\AV.Middle.Pattern.FlyweightPattern\AV.Middle.Pattern.FlyweightPattern.csproj", "{ECD330FD-4112-4D7D-BDBF-58F077CFE535}"
EndProject
Project("{FAE04EC0-301F-11D3-BF4B-00C04F79EFBC}") = "AV.Middle.Pattern.ImageViewer", "Middle\Pattern\AV.Middle.Pattern.ImageViewer\AV.Middle.Pattern.ImageViewer.csproj", "{922E0886-0E16-4C42-9DE9-0CCBD21D2CF0}"
EndProject
Project("{FAE04EC0-301F-11D3-BF4B-00C04F79EFBC}") = "AV.Middle.Pattern.MultiLogger", "Middle\Pattern\AV.Middle.Pattern.MultiLogger\AV.Middle.Pattern.MultiLogger.csproj", "{309C1846-5BE3-44F1-9EBE-6D3AA3360479}"
EndProject
Global
	GlobalSection(SolutionConfigurationPlatforms) = preSolution
		Debug|Any CPU = Debug|Any CPU
		Release|Any CPU = Release|Any CPU
	EndGlobalSection
	GlobalSection(ProjectConfigurationPlatforms) = postSolution
		{36FBCDA0-A658-40E8-94D0-13C42A09C46A}.Debug|Any CPU.ActiveCfg = Debug|Any CPU
		{36FBCDA0-A658-40E8-94D0-13C42A09C46A}.Debug|Any CPU.Build.0 = Debug|Any CPU
		{36FBCDA0-A658-40E8-94D0-13C42A09C46A}.Release|Any CPU.ActiveCfg = Release|Any CPU
		{36FBCDA0-A658-40E8-94D0-13C42A09C46A}.Release|Any CPU.Build.0 = Release|Any CPU
		{6690EBE7-C42B-48C6-A9CB-D867C9CE5F2A}.Debug|Any CPU.ActiveCfg = Debug|Any CPU
		{6690EBE7-C42B-48C6-A9CB-D867C9CE5F2A}.Debug|Any CPU.Build.0 = Debug|Any CPU
		{6690EBE7-C42B-48C6-A9CB-D867C9CE5F2A}.Release|Any CPU.ActiveCfg = Release|Any CPU
		{6690EBE7-C42B-48C6-A9CB-D867C9CE5F2A}.Release|Any CPU.Build.0 = Release|Any CPU
		{F49093A3-04F1-4478-9A49-6A47AAF6B44B}.Debug|Any CPU.ActiveCfg = Debug|Any CPU
		{F49093A3-04F1-4478-9A49-6A47AAF6B44B}.Debug|Any CPU.Build.0 = Debug|Any CPU
		{F49093A3-04F1-4478-9A49-6A47AAF6B44B}.Release|Any CPU.ActiveCfg = Release|Any CPU
		{F49093A3-04F1-4478-9A49-6A47AAF6B44B}.Release|Any CPU.Build.0 = Release|Any CPU
		{D3BEFBAE-9946-4355-AD8F-7B03D3BC3C5A}.Debug|Any CPU.ActiveCfg = Debug|Any CPU
		{D3BEFBAE-9946-4355-AD8F-7B03D3BC3C5A}.Debug|Any CPU.Build.0 = Debug|Any CPU
		{D3BEFBAE-9946-4355-AD8F-7B03D3BC3C5A}.Release|Any CPU.ActiveCfg = Release|Any CPU
		{D3BEFBAE-9946-4355-AD8F-7B03D3BC3C5A}.Release|Any CPU.Build.0 = Release|Any CPU
		{4BA82556-FD31-4CA7-9FFE-C647DBD39167}.Debug|Any CPU.ActiveCfg = Debug|Any CPU
		{4BA82556-FD31-4CA7-9FFE-C647DBD39167}.Debug|Any CPU.Build.0 = Debug|Any CPU
		{4BA82556-FD31-4CA7-9FFE-C647DBD39167}.Release|Any CPU.ActiveCfg = Release|Any CPU
		{4BA82556-FD31-4CA7-9FFE-C647DBD39167}.Release|Any CPU.Build.0 = Release|Any CPU
		{1C2DDB90-E443-4049-ADFF-15F8E8E0931A}.Debug|Any CPU.ActiveCfg = Debug|Any CPU
		{1C2DDB90-E443-4049-ADFF-15F8E8E0931A}.Debug|Any CPU.Build.0 = Debug|Any CPU
		{1C2DDB90-E443-4049-ADFF-15F8E8E0931A}.Release|Any CPU.ActiveCfg = Release|Any CPU
		{1C2DDB90-E443-4049-ADFF-15F8E8E0931A}.Release|Any CPU.Build.0 = Release|Any CPU
		{5A3B56BE-DDBB-45C0-BC91-60DDB2FA1A44}.Debug|Any CPU.ActiveCfg = Debug|Any CPU
		{5A3B56BE-DDBB-45C0-BC91-60DDB2FA1A44}.Debug|Any CPU.Build.0 = Debug|Any CPU
		{5A3B56BE-DDBB-45C0-BC91-60DDB2FA1A44}.Release|Any CPU.ActiveCfg = Release|Any CPU
		{5A3B56BE-DDBB-45C0-BC91-60DDB2FA1A44}.Release|Any CPU.Build.0 = Release|Any CPU
		{A64D1CD9-71EA-4FBC-8861-E8A96DD7D7D9}.Debug|Any CPU.ActiveCfg = Debug|Any CPU
		{A64D1CD9-71EA-4FBC-8861-E8A96DD7D7D9}.Debug|Any CPU.Build.0 = Debug|Any CPU
		{A64D1CD9-71EA-4FBC-8861-E8A96DD7D7D9}.Release|Any CPU.ActiveCfg = Release|Any CPU
		{A64D1CD9-71EA-4FBC-8861-E8A96DD7D7D9}.Release|Any CPU.Build.0 = Release|Any CPU
		{3D33B0C7-6FCA-43C0-8E4B-11BC11BB46DE}.Debug|Any CPU.ActiveCfg = Debug|Any CPU
		{3D33B0C7-6FCA-43C0-8E4B-11BC11BB46DE}.Debug|Any CPU.Build.0 = Debug|Any CPU
		{3D33B0C7-6FCA-43C0-8E4B-11BC11BB46DE}.Release|Any CPU.ActiveCfg = Release|Any CPU
		{3D33B0C7-6FCA-43C0-8E4B-11BC11BB46DE}.Release|Any CPU.Build.0 = Release|Any CPU
		{F7637041-60D1-4C0E-ADE7-91C556E9CA2B}.Debug|Any CPU.ActiveCfg = Debug|Any CPU
		{F7637041-60D1-4C0E-ADE7-91C556E9CA2B}.Debug|Any CPU.Build.0 = Debug|Any CPU
		{F7637041-60D1-4C0E-ADE7-91C556E9CA2B}.Release|Any CPU.ActiveCfg = Release|Any CPU
		{F7637041-60D1-4C0E-ADE7-91C556E9CA2B}.Release|Any CPU.Build.0 = Release|Any CPU
		{3CFB208A-6D2B-4FB4-B626-7731F1AC8CE3}.Debug|Any CPU.ActiveCfg = Debug|Any CPU
		{3CFB208A-6D2B-4FB4-B626-7731F1AC8CE3}.Debug|Any CPU.Build.0 = Debug|Any CPU
		{3CFB208A-6D2B-4FB4-B626-7731F1AC8CE3}.Release|Any CPU.ActiveCfg = Release|Any CPU
		{3CFB208A-6D2B-4FB4-B626-7731F1AC8CE3}.Release|Any CPU.Build.0 = Release|Any CPU
		{EAB3802C-DD77-416D-B3D5-B5049B33D300}.Debug|Any CPU.ActiveCfg = Debug|Any CPU
		{EAB3802C-DD77-416D-B3D5-B5049B33D300}.Debug|Any CPU.Build.0 = Debug|Any CPU
		{EAB3802C-DD77-416D-B3D5-B5049B33D300}.Release|Any CPU.ActiveCfg = Release|Any CPU
		{EAB3802C-DD77-416D-B3D5-B5049B33D300}.Release|Any CPU.Build.0 = Release|Any CPU
		{374B4A0B-82F6-4CC6-8CE9-A5F3E98B44E7}.Debug|Any CPU.ActiveCfg = Debug|Any CPU
		{374B4A0B-82F6-4CC6-8CE9-A5F3E98B44E7}.Debug|Any CPU.Build.0 = Debug|Any CPU
		{374B4A0B-82F6-4CC6-8CE9-A5F3E98B44E7}.Release|Any CPU.ActiveCfg = Release|Any CPU
		{374B4A0B-82F6-4CC6-8CE9-A5F3E98B44E7}.Release|Any CPU.Build.0 = Release|Any CPU
		{B80C620A-7E5B-4AD2-9A24-6E1BCC562B91}.Debug|Any CPU.ActiveCfg = Debug|Any CPU
		{B80C620A-7E5B-4AD2-9A24-6E1BCC562B91}.Debug|Any CPU.Build.0 = Debug|Any CPU
		{B80C620A-7E5B-4AD2-9A24-6E1BCC562B91}.Release|Any CPU.ActiveCfg = Release|Any CPU
		{B80C620A-7E5B-4AD2-9A24-6E1BCC562B91}.Release|Any CPU.Build.0 = Release|Any CPU
		{71A69082-8512-4DF2-8A33-2EFBBB4BE481}.Debug|Any CPU.ActiveCfg = Debug|Any CPU
		{71A69082-8512-4DF2-8A33-2EFBBB4BE481}.Debug|Any CPU.Build.0 = Debug|Any CPU
		{71A69082-8512-4DF2-8A33-2EFBBB4BE481}.Release|Any CPU.ActiveCfg = Release|Any CPU
		{71A69082-8512-4DF2-8A33-2EFBBB4BE481}.Release|Any CPU.Build.0 = Release|Any CPU
		{1BD36888-CB75-4DF3-8B8D-6CA6D5BBD04D}.Debug|Any CPU.ActiveCfg = Debug|Any CPU
		{1BD36888-CB75-4DF3-8B8D-6CA6D5BBD04D}.Debug|Any CPU.Build.0 = Debug|Any CPU
		{1BD36888-CB75-4DF3-8B8D-6CA6D5BBD04D}.Release|Any CPU.ActiveCfg = Release|Any CPU
		{1BD36888-CB75-4DF3-8B8D-6CA6D5BBD04D}.Release|Any CPU.Build.0 = Release|Any CPU
		{F1BEDB4C-E2F2-4F6C-ABA4-D98F150BB823}.Debug|Any CPU.ActiveCfg = Debug|Any CPU
		{F1BEDB4C-E2F2-4F6C-ABA4-D98F150BB823}.Debug|Any CPU.Build.0 = Debug|Any CPU
		{F1BEDB4C-E2F2-4F6C-ABA4-D98F150BB823}.Release|Any CPU.ActiveCfg = Release|Any CPU
		{F1BEDB4C-E2F2-4F6C-ABA4-D98F150BB823}.Release|Any CPU.Build.0 = Release|Any CPU
		{7F3A50B7-CFA1-4806-9846-472C90727AD7}.Debug|Any CPU.ActiveCfg = Debug|Any CPU
		{7F3A50B7-CFA1-4806-9846-472C90727AD7}.Debug|Any CPU.Build.0 = Debug|Any CPU
		{7F3A50B7-CFA1-4806-9846-472C90727AD7}.Release|Any CPU.ActiveCfg = Release|Any CPU
		{7F3A50B7-CFA1-4806-9846-472C90727AD7}.Release|Any CPU.Build.0 = Release|Any CPU
		{9D36F33F-7539-4CED-A1A4-399090A22A55}.Debug|Any CPU.ActiveCfg = Debug|Any CPU
		{9D36F33F-7539-4CED-A1A4-399090A22A55}.Debug|Any CPU.Build.0 = Debug|Any CPU
		{9D36F33F-7539-4CED-A1A4-399090A22A55}.Release|Any CPU.ActiveCfg = Release|Any CPU
		{9D36F33F-7539-4CED-A1A4-399090A22A55}.Release|Any CPU.Build.0 = Release|Any CPU
		{B8F555A4-C3DD-4037-BF00-3007F9174009}.Debug|Any CPU.ActiveCfg = Debug|Any CPU
		{B8F555A4-C3DD-4037-BF00-3007F9174009}.Debug|Any CPU.Build.0 = Debug|Any CPU
		{B8F555A4-C3DD-4037-BF00-3007F9174009}.Release|Any CPU.ActiveCfg = Release|Any CPU
		{B8F555A4-C3DD-4037-BF00-3007F9174009}.Release|Any CPU.Build.0 = Release|Any CPU
		{0425CB92-0D03-4BB5-9C13-4DEEC812DBB3}.Debug|Any CPU.ActiveCfg = Debug|Any CPU
		{0425CB92-0D03-4BB5-9C13-4DEEC812DBB3}.Debug|Any CPU.Build.0 = Debug|Any CPU
		{0425CB92-0D03-4BB5-9C13-4DEEC812DBB3}.Release|Any CPU.ActiveCfg = Release|Any CPU
		{0425CB92-0D03-4BB5-9C13-4DEEC812DBB3}.Release|Any CPU.Build.0 = Release|Any CPU
		{A918F4B3-C1E1-480B-A437-E22BFE4F5AE2}.Debug|Any CPU.ActiveCfg = Debug|Any CPU
		{A918F4B3-C1E1-480B-A437-E22BFE4F5AE2}.Debug|Any CPU.Build.0 = Debug|Any CPU
		{A918F4B3-C1E1-480B-A437-E22BFE4F5AE2}.Release|Any CPU.ActiveCfg = Release|Any CPU
		{A918F4B3-C1E1-480B-A437-E22BFE4F5AE2}.Release|Any CPU.Build.0 = Release|Any CPU
		{6537AC01-5161-447F-8259-D1663EF6AA44}.Debug|Any CPU.ActiveCfg = Debug|Any CPU
		{6537AC01-5161-447F-8259-D1663EF6AA44}.Debug|Any CPU.Build.0 = Debug|Any CPU
		{6537AC01-5161-447F-8259-D1663EF6AA44}.Release|Any CPU.ActiveCfg = Release|Any CPU
		{6537AC01-5161-447F-8259-D1663EF6AA44}.Release|Any CPU.Build.0 = Release|Any CPU
		{C353DCE0-3F76-4D7C-845A-850A40236FDF}.Debug|Any CPU.ActiveCfg = Debug|Any CPU
		{C353DCE0-3F76-4D7C-845A-850A40236FDF}.Debug|Any CPU.Build.0 = Debug|Any CPU
		{C353DCE0-3F76-4D7C-845A-850A40236FDF}.Release|Any CPU.ActiveCfg = Release|Any CPU
		{C353DCE0-3F76-4D7C-845A-850A40236FDF}.Release|Any CPU.Build.0 = Release|Any CPU
		{38267818-DCFA-4D4D-9CEB-90F3F42D01F4}.Debug|Any CPU.ActiveCfg = Debug|Any CPU
		{38267818-DCFA-4D4D-9CEB-90F3F42D01F4}.Debug|Any CPU.Build.0 = Debug|Any CPU
		{38267818-DCFA-4D4D-9CEB-90F3F42D01F4}.Release|Any CPU.ActiveCfg = Release|Any CPU
		{38267818-DCFA-4D4D-9CEB-90F3F42D01F4}.Release|Any CPU.Build.0 = Release|Any CPU
		{F6812DF8-B65C-4229-83E1-35211C65E8A4}.Debug|Any CPU.ActiveCfg = Debug|Any CPU
		{F6812DF8-B65C-4229-83E1-35211C65E8A4}.Debug|Any CPU.Build.0 = Debug|Any CPU
		{F6812DF8-B65C-4229-83E1-35211C65E8A4}.Release|Any CPU.ActiveCfg = Release|Any CPU
		{F6812DF8-B65C-4229-83E1-35211C65E8A4}.Release|Any CPU.Build.0 = Release|Any CPU
		{72217AF3-9CAD-4E1E-9872-390D86873132}.Debug|Any CPU.ActiveCfg = Debug|Any CPU
		{72217AF3-9CAD-4E1E-9872-390D86873132}.Debug|Any CPU.Build.0 = Debug|Any CPU
		{72217AF3-9CAD-4E1E-9872-390D86873132}.Release|Any CPU.ActiveCfg = Release|Any CPU
		{72217AF3-9CAD-4E1E-9872-390D86873132}.Release|Any CPU.Build.0 = Release|Any CPU
		{FD585601-8E9C-4E31-B62A-EF657EDB4BF4}.Debug|Any CPU.ActiveCfg = Debug|Any CPU
		{FD585601-8E9C-4E31-B62A-EF657EDB4BF4}.Debug|Any CPU.Build.0 = Debug|Any CPU
		{FD585601-8E9C-4E31-B62A-EF657EDB4BF4}.Release|Any CPU.ActiveCfg = Release|Any CPU
		{FD585601-8E9C-4E31-B62A-EF657EDB4BF4}.Release|Any CPU.Build.0 = Release|Any CPU
		{888ECE17-56B8-470D-8F44-5D66736B7A01}.Debug|Any CPU.ActiveCfg = Debug|Any CPU
		{888ECE17-56B8-470D-8F44-5D66736B7A01}.Debug|Any CPU.Build.0 = Debug|Any CPU
		{888ECE17-56B8-470D-8F44-5D66736B7A01}.Release|Any CPU.ActiveCfg = Release|Any CPU
		{888ECE17-56B8-470D-8F44-5D66736B7A01}.Release|Any CPU.Build.0 = Release|Any CPU
		{F3A4AFFB-9938-4C59-A04F-8D137B66281A}.Debug|Any CPU.ActiveCfg = Debug|Any CPU
		{F3A4AFFB-9938-4C59-A04F-8D137B66281A}.Debug|Any CPU.Build.0 = Debug|Any CPU
		{F3A4AFFB-9938-4C59-A04F-8D137B66281A}.Release|Any CPU.ActiveCfg = Release|Any CPU
		{F3A4AFFB-9938-4C59-A04F-8D137B66281A}.Release|Any CPU.Build.0 = Release|Any CPU
		{E4A3662C-CD78-4D54-9DBF-7DC73E7185CB}.Debug|Any CPU.ActiveCfg = Debug|Any CPU
		{E4A3662C-CD78-4D54-9DBF-7DC73E7185CB}.Debug|Any CPU.Build.0 = Debug|Any CPU
		{E4A3662C-CD78-4D54-9DBF-7DC73E7185CB}.Release|Any CPU.ActiveCfg = Release|Any CPU
		{E4A3662C-CD78-4D54-9DBF-7DC73E7185CB}.Release|Any CPU.Build.0 = Release|Any CPU
		{596DABAE-2914-433D-88EF-BBBF5A997308}.Debug|Any CPU.ActiveCfg = Debug|Any CPU
		{596DABAE-2914-433D-88EF-BBBF5A997308}.Debug|Any CPU.Build.0 = Debug|Any CPU
		{596DABAE-2914-433D-88EF-BBBF5A997308}.Release|Any CPU.ActiveCfg = Release|Any CPU
		{596DABAE-2914-433D-88EF-BBBF5A997308}.Release|Any CPU.Build.0 = Release|Any CPU
		{48747ED2-CCE0-41A9-97EE-CC0C253AC7F1}.Debug|Any CPU.ActiveCfg = Debug|Any CPU
		{48747ED2-CCE0-41A9-97EE-CC0C253AC7F1}.Debug|Any CPU.Build.0 = Debug|Any CPU
		{48747ED2-CCE0-41A9-97EE-CC0C253AC7F1}.Release|Any CPU.ActiveCfg = Release|Any CPU
		{48747ED2-CCE0-41A9-97EE-CC0C253AC7F1}.Release|Any CPU.Build.0 = Release|Any CPU
		{FD685D29-A48F-44F3-B71F-49B048F80402}.Debug|Any CPU.ActiveCfg = Debug|Any CPU
		{FD685D29-A48F-44F3-B71F-49B048F80402}.Debug|Any CPU.Build.0 = Debug|Any CPU
		{FD685D29-A48F-44F3-B71F-49B048F80402}.Release|Any CPU.ActiveCfg = Release|Any CPU
		{FD685D29-A48F-44F3-B71F-49B048F80402}.Release|Any CPU.Build.0 = Release|Any CPU
		{7D284FEC-1987-4873-9932-645C81F17E37}.Debug|Any CPU.ActiveCfg = Debug|Any CPU
		{7D284FEC-1987-4873-9932-645C81F17E37}.Debug|Any CPU.Build.0 = Debug|Any CPU
		{7D284FEC-1987-4873-9932-645C81F17E37}.Release|Any CPU.ActiveCfg = Release|Any CPU
		{7D284FEC-1987-4873-9932-645C81F17E37}.Release|Any CPU.Build.0 = Release|Any CPU
		{ECD330FD-4112-4D7D-BDBF-58F077CFE535}.Debug|Any CPU.ActiveCfg = Debug|Any CPU
		{ECD330FD-4112-4D7D-BDBF-58F077CFE535}.Debug|Any CPU.Build.0 = Debug|Any CPU
		{ECD330FD-4112-4D7D-BDBF-58F077CFE535}.Release|Any CPU.ActiveCfg = Release|Any CPU
		{ECD330FD-4112-4D7D-BDBF-58F077CFE535}.Release|Any CPU.Build.0 = Release|Any CPU
		{922E0886-0E16-4C42-9DE9-0CCBD21D2CF0}.Debug|Any CPU.ActiveCfg = Debug|Any CPU
		{922E0886-0E16-4C42-9DE9-0CCBD21D2CF0}.Debug|Any CPU.Build.0 = Debug|Any CPU
		{922E0886-0E16-4C42-9DE9-0CCBD21D2CF0}.Release|Any CPU.ActiveCfg = Release|Any CPU
		{922E0886-0E16-4C42-9DE9-0CCBD21D2CF0}.Release|Any CPU.Build.0 = Release|Any CPU
		{309C1846-5BE3-44F1-9EBE-6D3AA3360479}.Debug|Any CPU.ActiveCfg = Debug|Any CPU
		{309C1846-5BE3-44F1-9EBE-6D3AA3360479}.Debug|Any CPU.Build.0 = Debug|Any CPU
		{309C1846-5BE3-44F1-9EBE-6D3AA3360479}.Release|Any CPU.ActiveCfg = Release|Any CPU
		{309C1846-5BE3-44F1-9EBE-6D3AA3360479}.Release|Any CPU.Build.0 = Release|Any CPU
	EndGlobalSection
	GlobalSection(SolutionProperties) = preSolution
		HideSolutionNode = FALSE
	EndGlobalSection
	GlobalSection(NestedProjects) = preSolution
		{4F8ED863-F830-47D7-98FF-4324B312E99B} = {CB9797F3-40AF-4A03-9B5F-E0D5B9629C78}
		{36FBCDA0-A658-40E8-94D0-13C42A09C46A} = {4F8ED863-F830-47D7-98FF-4324B312E99B}
		{EFFD573F-F62E-426C-95AF-1F817BC145D0} = {3483286E-FC33-4E83-8B67-A36C500AF97F}
		{6690EBE7-C42B-48C6-A9CB-D867C9CE5F2A} = {EFFD573F-F62E-426C-95AF-1F817BC145D0}
		{F49093A3-04F1-4478-9A49-6A47AAF6B44B} = {EFFD573F-F62E-426C-95AF-1F817BC145D0}
		{D3BEFBAE-9946-4355-AD8F-7B03D3BC3C5A} = {EFFD573F-F62E-426C-95AF-1F817BC145D0}
		{4BA82556-FD31-4CA7-9FFE-C647DBD39167} = {EFFD573F-F62E-426C-95AF-1F817BC145D0}
		{1C2DDB90-E443-4049-ADFF-15F8E8E0931A} = {EFFD573F-F62E-426C-95AF-1F817BC145D0}
		{5A3B56BE-DDBB-45C0-BC91-60DDB2FA1A44} = {EFFD573F-F62E-426C-95AF-1F817BC145D0}
		{A64D1CD9-71EA-4FBC-8861-E8A96DD7D7D9} = {EFFD573F-F62E-426C-95AF-1F817BC145D0}
		{ED4275B8-C500-41F0-B8A6-F77EF53AA2CC} = {3483286E-FC33-4E83-8B67-A36C500AF97F}
		{25C73EF3-E916-499E-92D7-F6FE08519C42} = {3483286E-FC33-4E83-8B67-A36C500AF97F}
		{3D33B0C7-6FCA-43C0-8E4B-11BC11BB46DE} = {ED4275B8-C500-41F0-B8A6-F77EF53AA2CC}
		{F7637041-60D1-4C0E-ADE7-91C556E9CA2B} = {25C73EF3-E916-499E-92D7-F6FE08519C42}
		{A0DC48C6-E449-424F-B95E-6D3135F35106} = {D409F555-8F99-4C66-B806-3340F3405C27}
		{757E0DCC-59BF-456E-A849-90C201AE1FF4} = {CB9797F3-40AF-4A03-9B5F-E0D5B9629C78}
		{3CFB208A-6D2B-4FB4-B626-7731F1AC8CE3} = {757E0DCC-59BF-456E-A849-90C201AE1FF4}
		{EAB3802C-DD77-416D-B3D5-B5049B33D300} = {A0DC48C6-E449-424F-B95E-6D3135F35106}
		{374B4A0B-82F6-4CC6-8CE9-A5F3E98B44E7} = {EFFD573F-F62E-426C-95AF-1F817BC145D0}
		{B80C620A-7E5B-4AD2-9A24-6E1BCC562B91} = {EFFD573F-F62E-426C-95AF-1F817BC145D0}
		{71A69082-8512-4DF2-8A33-2EFBBB4BE481} = {EFFD573F-F62E-426C-95AF-1F817BC145D0}
		{1BD36888-CB75-4DF3-8B8D-6CA6D5BBD04D} = {EFFD573F-F62E-426C-95AF-1F817BC145D0}
		{F1BEDB4C-E2F2-4F6C-ABA4-D98F150BB823} = {25C73EF3-E916-499E-92D7-F6FE08519C42}
		{7F3A50B7-CFA1-4806-9846-472C90727AD7} = {25C73EF3-E916-499E-92D7-F6FE08519C42}
		{9D36F33F-7539-4CED-A1A4-399090A22A55} = {25C73EF3-E916-499E-92D7-F6FE08519C42}
		{B8F555A4-C3DD-4037-BF00-3007F9174009} = {25C73EF3-E916-499E-92D7-F6FE08519C42}
		{0425CB92-0D03-4BB5-9C13-4DEEC812DBB3} = {25C73EF3-E916-499E-92D7-F6FE08519C42}
		{A918F4B3-C1E1-480B-A437-E22BFE4F5AE2} = {25C73EF3-E916-499E-92D7-F6FE08519C42}
		{6537AC01-5161-447F-8259-D1663EF6AA44} = {ED4275B8-C500-41F0-B8A6-F77EF53AA2CC}
		{BB49D286-50ED-451B-903F-6DCB5BECC0E9} = {3483286E-FC33-4E83-8B67-A36C500AF97F}
		{C353DCE0-3F76-4D7C-845A-850A40236FDF} = {BB49D286-50ED-451B-903F-6DCB5BECC0E9}
		{38267818-DCFA-4D4D-9CEB-90F3F42D01F4} = {BB49D286-50ED-451B-903F-6DCB5BECC0E9}
		{F6812DF8-B65C-4229-83E1-35211C65E8A4} = {BB49D286-50ED-451B-903F-6DCB5BECC0E9}
		{72217AF3-9CAD-4E1E-9872-390D86873132} = {BB49D286-50ED-451B-903F-6DCB5BECC0E9}
		{FD585601-8E9C-4E31-B62A-EF657EDB4BF4} = {BB49D286-50ED-451B-903F-6DCB5BECC0E9}
		{888ECE17-56B8-470D-8F44-5D66736B7A01} = {BB49D286-50ED-451B-903F-6DCB5BECC0E9}
		{F3A4AFFB-9938-4C59-A04F-8D137B66281A} = {BB49D286-50ED-451B-903F-6DCB5BECC0E9}
		{E4A3662C-CD78-4D54-9DBF-7DC73E7185CB} = {BB49D286-50ED-451B-903F-6DCB5BECC0E9}
		{596DABAE-2914-433D-88EF-BBBF5A997308} = {BB49D286-50ED-451B-903F-6DCB5BECC0E9}
		{48747ED2-CCE0-41A9-97EE-CC0C253AC7F1} = {BB49D286-50ED-451B-903F-6DCB5BECC0E9}
		{FD685D29-A48F-44F3-B71F-49B048F80402} = {BB49D286-50ED-451B-903F-6DCB5BECC0E9}
		{7D284FEC-1987-4873-9932-645C81F17E37} = {BB49D286-50ED-451B-903F-6DCB5BECC0E9}
		{ECD330FD-4112-4D7D-BDBF-58F077CFE535} = {BB49D286-50ED-451B-903F-6DCB5BECC0E9}
		{922E0886-0E16-4C42-9DE9-0CCBD21D2CF0} = {BB49D286-50ED-451B-903F-6DCB5BECC0E9}
		{309C1846-5BE3-44F1-9EBE-6D3AA3360479} = {BB49D286-50ED-451B-903F-6DCB5BECC0E9}
	EndGlobalSection
	GlobalSection(ExtensibilityGlobals) = postSolution
		SolutionGuid = {35E3F7CE-B32D-42E1-ABAE-DBF71E7D1C6D}
	EndGlobalSection
EndGlobal
